// !$*UTF8*$!
{
	archiveVersion = 1;
	classes = {
	};
	objectVersion = 50;
	objects = {

/* Begin PBXBuildFile section */
		580021B123385F5A00194F1D /* TemplateTableView.m in Sources */ = {isa = PBXBuildFile; fileRef = 580021B023385F5A00194F1D /* TemplateTableView.m */; };
		58023744234DBB4E003D14DC /* EditPictureView.m in Sources */ = {isa = PBXBuildFile; fileRef = 58023743234DBB4E003D14DC /* EditPictureView.m */; };
		581CFFBE233B016C0024AB0C /* CitadInpudView.m in Sources */ = {isa = PBXBuildFile; fileRef = 581CFFBD233B016C0024AB0C /* CitadInpudView.m */; };
		581CFFC1233B06B90024AB0C /* DetailView.m in Sources */ = {isa = PBXBuildFile; fileRef = 581CFFC0233B06B90024AB0C /* DetailView.m */; };
		581CFFC4233B40E80024AB0C /* ChangeCardLimitSignView.m in Sources */ = {isa = PBXBuildFile; fileRef = 581CFFC3233B40E80024AB0C /* ChangeCardLimitSignView.m */; };
		581CFFC7233B48020024AB0C /* ChangeCardStatusSignView.m in Sources */ = {isa = PBXBuildFile; fileRef = 581CFFC6233B48020024AB0C /* ChangeCardStatusSignView.m */; };
		5838081E233371CC00A5E4DD /* SignCardStatusView.m in Sources */ = {isa = PBXBuildFile; fileRef = 5838081D233371CC00A5E4DD /* SignCardStatusView.m */; };
		583808212333842000A5E4DD /* ChangeCardPinView.m in Sources */ = {isa = PBXBuildFile; fileRef = 583808202333842000A5E4DD /* ChangeCardPinView.m */; };
		58380824233385E800A5E4DD /* NewPinView.m in Sources */ = {isa = PBXBuildFile; fileRef = 58380823233385E800A5E4DD /* NewPinView.m */; };
		583808272333877300A5E4DD /* ConfirmNewPinView.m in Sources */ = {isa = PBXBuildFile; fileRef = 583808262333877300A5E4DD /* ConfirmNewPinView.m */; };
		5838082A2333959200A5E4DD /* ChangeCardLimitView.m in Sources */ = {isa = PBXBuildFile; fileRef = 583808292333959200A5E4DD /* ChangeCardLimitView.m */; };
		58728B02232A9E4700444D3A /* ColorViewController.m in Sources */ = {isa = PBXBuildFile; fileRef = 58728AFD232A9E4300444D3A /* ColorViewController.m */; };
		58728B03232A9E4700444D3A /* MapViewController.m in Sources */ = {isa = PBXBuildFile; fileRef = 58728AFF232A9E4500444D3A /* MapViewController.m */; };
		58728B04232A9E4700444D3A /* MenuViewController.m in Sources */ = {isa = PBXBuildFile; fileRef = 58728B00232A9E4600444D3A /* MenuViewController.m */; };
		587BBD572322676A007D14E7 /* AccountTableViewController.m in Sources */ = {isa = PBXBuildFile; fileRef = 587BBD562322676A007D14E7 /* AccountTableViewController.m */; };
		587C6D8D2333209300F92252 /* ChangeCardStatusView.m in Sources */ = {isa = PBXBuildFile; fileRef = 587C6D8C2333209300F92252 /* ChangeCardStatusView.m */; };
		588652A223293D2D00E4BBC3 /* CitadConfirmScreen.m in Sources */ = {isa = PBXBuildFile; fileRef = 588652A123293D2D00E4BBC3 /* CitadConfirmScreen.m */; };
		588EC7702341D88F00E742A7 /* ChangeCapView.m in Sources */ = {isa = PBXBuildFile; fileRef = 588EC76F2341D88F00E742A7 /* ChangeCapView.m */; };
		589854B2232A727A0008316A /* MenuView.m in Sources */ = {isa = PBXBuildFile; fileRef = 589854B1232A727A0008316A /* MenuView.m */; };
		589854B6232A78FC0008316A /* MapView.m in Sources */ = {isa = PBXBuildFile; fileRef = 589854B5232A78FC0008316A /* MapView.m */; };
		589854BE232A85A60008316A /* SWRevealViewController.m in Sources */ = {isa = PBXBuildFile; fileRef = 589854BD232A85A50008316A /* SWRevealViewController.m */; };
		589854C3232A89D00008316A /* ActivationView.m in Sources */ = {isa = PBXBuildFile; fileRef = 589854C2232A89D00008316A /* ActivationView.m */; };
		5898A9C12337203700DFB043 /* InfoCell.m in Sources */ = {isa = PBXBuildFile; fileRef = 5898A9C02337203700DFB043 /* InfoCell.m */; };
		589C3967231FBC90001D30E2 /* LoginIDController.m in Sources */ = {isa = PBXBuildFile; fileRef = 589C3966231FBC90001D30E2 /* LoginIDController.m */; };
		589C39982320C771001D30E2 /* LoginMethodViewController.m in Sources */ = {isa = PBXBuildFile; fileRef = 589C39972320C771001D30E2 /* LoginMethodViewController.m */; };
		589C39A22320E514001D30E2 /* CenterView.xib in Resources */ = {isa = PBXBuildFile; fileRef = 589C39A12320E514001D30E2 /* CenterView.xib */; };
		589C39A82320E57F001D30E2 /* CenterView.m in Sources */ = {isa = PBXBuildFile; fileRef = 589C39A72320E57F001D30E2 /* CenterView.m */; };
		589C39AC2320FC81001D30E2 /* UnlockMethodViewController.m in Sources */ = {isa = PBXBuildFile; fileRef = 589C39AB2320FC81001D30E2 /* UnlockMethodViewController.m */; };
		589CE15923267EC400F36B99 /* AccountData.m in Sources */ = {isa = PBXBuildFile; fileRef = 589CE15823267EC400F36B99 /* AccountData.m */; };
		589CE15C23267EE100F36B99 /* AccountList.m in Sources */ = {isa = PBXBuildFile; fileRef = 589CE15B23267EE100F36B99 /* AccountList.m */; };
		589CE15F232697F300F36B99 /* AccountType.m in Sources */ = {isa = PBXBuildFile; fileRef = 589CE15E232697F300F36B99 /* AccountType.m */; };
		58A02D182344416300BA7E88 /* BasicDetailsView.m in Sources */ = {isa = PBXBuildFile; fileRef = 58A02D172344416300BA7E88 /* BasicDetailsView.m */; };
		58A02D1B2344508500BA7E88 /* PersonalView.m in Sources */ = {isa = PBXBuildFile; fileRef = 58A02D1A2344508500BA7E88 /* PersonalView.m */; };
		58A470602319017C00AD90E2 /* AppDelegate.m in Sources */ = {isa = PBXBuildFile; fileRef = 58A4705F2319017C00AD90E2 /* AppDelegate.m */; };
		58A470632319017C00AD90E2 /* ViewController.m in Sources */ = {isa = PBXBuildFile; fileRef = 58A470622319017C00AD90E2 /* ViewController.m */; };
		58A470662319017C00AD90E2 /* Main.storyboard in Resources */ = {isa = PBXBuildFile; fileRef = 58A470642319017C00AD90E2 /* Main.storyboard */; };
		58A470692319017C00AD90E2 /* __iOSVietBank.xcdatamodeld in Sources */ = {isa = PBXBuildFile; fileRef = 58A470672319017C00AD90E2 /* __iOSVietBank.xcdatamodeld */; };
		58A4706E2319017E00AD90E2 /* LaunchScreen.storyboard in Resources */ = {isa = PBXBuildFile; fileRef = 58A4706C2319017E00AD90E2 /* LaunchScreen.storyboard */; };
		58A470712319017E00AD90E2 /* main.m in Sources */ = {isa = PBXBuildFile; fileRef = 58A470702319017E00AD90E2 /* main.m */; };
		58ACE97A2338B2A900747B76 /* ChangeCardLimitCodeView.m in Sources */ = {isa = PBXBuildFile; fileRef = 58ACE9792338B2A900747B76 /* ChangeCardLimitCodeView.m */; };
		58B7AD63232B36CF00DD1741 /* PatternVController.m in Sources */ = {isa = PBXBuildFile; fileRef = 58B7AD62232B36CF00DD1741 /* PatternVController.m */; };
		58B7AD6F232B37BD00DD1741 /* DrawingView.m in Sources */ = {isa = PBXBuildFile; fileRef = 58B7AD66232B37BC00DD1741 /* DrawingView.m */; };
		58B7AD70232B37BD00DD1741 /* PatternView.m in Sources */ = {isa = PBXBuildFile; fileRef = 58B7AD67232B37BC00DD1741 /* PatternView.m */; };
		58B7AD71232B37BD00DD1741 /* PatternManager.m in Sources */ = {isa = PBXBuildFile; fileRef = 58B7AD6A232B37BD00DD1741 /* PatternManager.m */; };
		58B7AD72232B37BD00DD1741 /* NodeView.m in Sources */ = {isa = PBXBuildFile; fileRef = 58B7AD6C232B37BD00DD1741 /* NodeView.m */; };
		58B7AD75232B37ED00DD1741 /* Utils.m in Sources */ = {isa = PBXBuildFile; fileRef = 58B7AD73232B37ED00DD1741 /* Utils.m */; };
		58B7AD7D232B858B00DD1741 /* UIViewController+LCModal.m in Sources */ = {isa = PBXBuildFile; fileRef = 58B7AD7C232B858B00DD1741 /* UIViewController+LCModal.m */; };
		58BAE706233C4D3B00FB7365 /* PayBillView.m in Sources */ = {isa = PBXBuildFile; fileRef = 58BAE705233C4D3B00FB7365 /* PayBillView.m */; };
		58BAE70C233C6BE400FB7365 /* PayBillViewCell.m in Sources */ = {isa = PBXBuildFile; fileRef = 58BAE70B233C6BE400FB7365 /* PayBillViewCell.m */; };
		58BAE70F233CA3AA00FB7365 /* PayBillInputView.m in Sources */ = {isa = PBXBuildFile; fileRef = 58BAE70E233CA3AA00FB7365 /* PayBillInputView.m */; };
		58BB497F2342FE8A0015B917 /* OfferView.m in Sources */ = {isa = PBXBuildFile; fileRef = 58BB497E2342FE8A0015B917 /* OfferView.m */; };
		58BB49822342FF030015B917 /* OfferCell.m in Sources */ = {isa = PBXBuildFile; fileRef = 58BB49812342FF030015B917 /* OfferCell.m */; };
		58BB498523430C9B0015B917 /* OfferSignView.m in Sources */ = {isa = PBXBuildFile; fileRef = 58BB498423430C9B0015B917 /* OfferSignView.m */; };
		58C04B3D2339C84F00CE569F /* DBTableViewController.m in Sources */ = {isa = PBXBuildFile; fileRef = 58C04B3C2339C84F00CE569F /* DBTableViewController.m */; };
		58C21F1923210CB400AD57B3 /* PinViewController.m in Sources */ = {isa = PBXBuildFile; fileRef = 58C21F1823210CB400AD57B3 /* PinViewController.m */; };
		58C21F1D23210CF100AD57B3 /* PatternViewController.m in Sources */ = {isa = PBXBuildFile; fileRef = 58C21F1C23210CF100AD57B3 /* PatternViewController.m */; };
		58C48AEF233D9E8100175AA9 /* PayBillSignView.m in Sources */ = {isa = PBXBuildFile; fileRef = 58C48AEE233D9E8100175AA9 /* PayBillSignView.m */; };
		58C48AF2233DA6C600175AA9 /* PayBillStatusView.m in Sources */ = {isa = PBXBuildFile; fileRef = 58C48AF1233DA6C600175AA9 /* PayBillStatusView.m */; };
		58C5B4FC2325E57A0034519D /* DataAccount.plist in Resources */ = {isa = PBXBuildFile; fileRef = 58C5B4FB2325E57A0034519D /* DataAccount.plist */; };
		58C5B504232606370034519D /* DataAccountViewController.m in Sources */ = {isa = PBXBuildFile; fileRef = 58C5B503232606370034519D /* DataAccountViewController.m */; };
		58C6C81F2323524500069179 /* SMSPasswordViewController.m in Sources */ = {isa = PBXBuildFile; fileRef = 58C6C81E2323524500069179 /* SMSPasswordViewController.m */; };
		58D25C5D234C235A00C30B67 /* Secondary.storyboard in Resources */ = {isa = PBXBuildFile; fileRef = 58D25C5C234C235A00C30B67 /* Secondary.storyboard */; };
		58D25C61234C23D300C30B67 /* EditProfileView.m in Sources */ = {isa = PBXBuildFile; fileRef = 58D25C60234C23D300C30B67 /* EditProfileView.m */; };
		58D25C64234C46F900C30B67 /* TransactionView.m in Sources */ = {isa = PBXBuildFile; fileRef = 58D25C63234C46F900C30B67 /* TransactionView.m */; };
		58D25C67234C4C8000C30B67 /* TransactionCell.m in Sources */ = {isa = PBXBuildFile; fileRef = 58D25C66234C4C8000C30B67 /* TransactionCell.m */; };
		58D25C6F234C7A4D00C30B67 /* TransactionDetailView.m in Sources */ = {isa = PBXBuildFile; fileRef = 58D25C6E234C7A4D00C30B67 /* TransactionDetailView.m */; };
		58D48F53232C7C1E00407AE4 /* ShowDetailScreen.xib in Resources */ = {isa = PBXBuildFile; fileRef = 58D48F52232C7C1E00407AE4 /* ShowDetailScreen.xib */; };
		58D6EBB623448A7900AA10BC /* ResidenceView.m in Sources */ = {isa = PBXBuildFile; fileRef = 58D6EBB523448A7900AA10BC /* ResidenceView.m */; };
		58D6EBBC234498AC00AA10BC /* ItemView.m in Sources */ = {isa = PBXBuildFile; fileRef = 58D6EBBB234498AC00AA10BC /* ItemView.m */; };
		58D6EBBF2344A44B00AA10BC /* ConfirmView.m in Sources */ = {isa = PBXBuildFile; fileRef = 58D6EBBE2344A44B00AA10BC /* ConfirmView.m */; };
		58D751B72321FE560011E7F3 /* LoginPinViewController.m in Sources */ = {isa = PBXBuildFile; fileRef = 58D751B62321FE560011E7F3 /* LoginPinViewController.m */; };
		58D751C1232232B00011E7F3 /* CardTableViewController.m in Sources */ = {isa = PBXBuildFile; fileRef = 58D751C0232232B00011E7F3 /* CardTableViewController.m */; };
		58D8CFCE232BCE05008AC584 /* CitadSignScreen.m in Sources */ = {isa = PBXBuildFile; fileRef = 58D8CFCD232BCE05008AC584 /* CitadSignScreen.m */; };
		58DCB2CA232F1F2800F63C99 /* Assets.xcassets in Resources */ = {isa = PBXBuildFile; fileRef = 58DCB2C9232F1F2600F63C99 /* Assets.xcassets */; };
		58E7DB5B2331BF85006495D4 /* CardListView.m in Sources */ = {isa = PBXBuildFile; fileRef = 58E7DB5A2331BF85006495D4 /* CardListView.m */; };
		58E7DB5E2331DF74006495D4 /* CardDetailView.m in Sources */ = {isa = PBXBuildFile; fileRef = 58E7DB5D2331DF74006495D4 /* CardDetailView.m */; };
		58E7DB6123320767006495D4 /* CardCell.m in Sources */ = {isa = PBXBuildFile; fileRef = 58E7DB6023320767006495D4 /* CardCell.m */; };
		58EAF405234AE3A500C7E08C /* MenuLeftView.m in Sources */ = {isa = PBXBuildFile; fileRef = 58EAF404234AE3A500C7E08C /* MenuLeftView.m */; };
		58EAF408234B0CE500C7E08C /* MenuListCell.m in Sources */ = {isa = PBXBuildFile; fileRef = 58EAF407234B0CE500C7E08C /* MenuListCell.m */; };
		58EE2C10234D7CDE00905D86 /* ProfileView.m in Sources */ = {isa = PBXBuildFile; fileRef = 58EE2C0F234D7CDE00905D86 /* ProfileView.m */; };
		58EE2C15234DB73000905D86 /* EditProfileDetailView.m in Sources */ = {isa = PBXBuildFile; fileRef = 58EE2C14234DB73000905D86 /* EditProfileDetailView.m */; };
		58EEEBB7232754CE00200787 /* CustomAccountTableViewCell.m in Sources */ = {isa = PBXBuildFile; fileRef = 58EEEBB6232754CE00200787 /* CustomAccountTableViewCell.m */; };
		58EEEBBB23278C4800200787 /* AccountDetail.m in Sources */ = {isa = PBXBuildFile; fileRef = 58EEEBBA23278C4800200787 /* AccountDetail.m */; };
		58EEEBC02327F80D00200787 /* ShowDetailScreen.m in Sources */ = {isa = PBXBuildFile; fileRef = 58EEEBBE2327F80D00200787 /* ShowDetailScreen.m */; };
		58EEEBC5232884A300200787 /* DashBoardViewController.m in Sources */ = {isa = PBXBuildFile; fileRef = 58EEEBC4232884A300200787 /* DashBoardViewController.m */; };
		58EEEBC92328AA7B00200787 /* DBAccountViewController.m in Sources */ = {isa = PBXBuildFile; fileRef = 58EEEBC82328AA7B00200787 /* DBAccountViewController.m */; };
		58EEEBCF2328B0EE00200787 /* DBAccount.m in Sources */ = {isa = PBXBuildFile; fileRef = 58EEEBCE2328B0EE00200787 /* DBAccount.m */; };
		58EEEBD42328B1FB00200787 /* DBAccountCustomCellTableViewCell.m in Sources */ = {isa = PBXBuildFile; fileRef = 58EEEBD32328B1FB00200787 /* DBAccountCustomCellTableViewCell.m */; };
		58EEEBD72328D2D100200787 /* DataAccountTableViewController.m in Sources */ = {isa = PBXBuildFile; fileRef = 58EEEBD62328D2D100200787 /* DataAccountTableViewController.m */; };
		58F20EC3232F94DA0081B86D /* DBView.m in Sources */ = {isa = PBXBuildFile; fileRef = 58F20EC2232F94DA0081B86D /* DBView.m */; };
/* End PBXBuildFile section */

/* Begin PBXContainerItemProxy section */
		58A470772319017E00AD90E2 /* PBXContainerItemProxy */ = {
			isa = PBXContainerItemProxy;
			containerPortal = 58A470532319017C00AD90E2 /* Project object */;
			proxyType = 1;
			remoteGlobalIDString = 58A4705A2319017C00AD90E2;
			remoteInfo = 1_iOSVietBank;
		};
		58A470822319017E00AD90E2 /* PBXContainerItemProxy */ = {
			isa = PBXContainerItemProxy;
			containerPortal = 58A470532319017C00AD90E2 /* Project object */;
			proxyType = 1;
			remoteGlobalIDString = 58A4705A2319017C00AD90E2;
			remoteInfo = 1_iOSVietBank;
		};
/* End PBXContainerItemProxy section */

/* Begin PBXFileReference section */
		580021AF23385F5A00194F1D /* TemplateTableView.h */ = {isa = PBXFileReference; lastKnownFileType = sourcecode.c.h; path = TemplateTableView.h; sourceTree = "<group>"; };
		580021B023385F5A00194F1D /* TemplateTableView.m */ = {isa = PBXFileReference; lastKnownFileType = sourcecode.c.objc; path = TemplateTableView.m; sourceTree = "<group>"; };
		58023742234DBB4E003D14DC /* EditPictureView.h */ = {isa = PBXFileReference; lastKnownFileType = sourcecode.c.h; path = EditPictureView.h; sourceTree = "<group>"; };
		58023743234DBB4E003D14DC /* EditPictureView.m */ = {isa = PBXFileReference; lastKnownFileType = sourcecode.c.objc; path = EditPictureView.m; sourceTree = "<group>"; };
		581CFFBC233B016C0024AB0C /* CitadInpudView.h */ = {isa = PBXFileReference; lastKnownFileType = sourcecode.c.h; path = CitadInpudView.h; sourceTree = "<group>"; };
		581CFFBD233B016C0024AB0C /* CitadInpudView.m */ = {isa = PBXFileReference; lastKnownFileType = sourcecode.c.objc; path = CitadInpudView.m; sourceTree = "<group>"; };
		581CFFBF233B06B90024AB0C /* DetailView.h */ = {isa = PBXFileReference; lastKnownFileType = sourcecode.c.h; path = DetailView.h; sourceTree = "<group>"; };
		581CFFC0233B06B90024AB0C /* DetailView.m */ = {isa = PBXFileReference; lastKnownFileType = sourcecode.c.objc; path = DetailView.m; sourceTree = "<group>"; };
		581CFFC2233B40E80024AB0C /* ChangeCardLimitSignView.h */ = {isa = PBXFileReference; lastKnownFileType = sourcecode.c.h; path = ChangeCardLimitSignView.h; sourceTree = "<group>"; };
		581CFFC3233B40E80024AB0C /* ChangeCardLimitSignView.m */ = {isa = PBXFileReference; lastKnownFileType = sourcecode.c.objc; path = ChangeCardLimitSignView.m; sourceTree = "<group>"; };
		581CFFC5233B48020024AB0C /* ChangeCardStatusSignView.h */ = {isa = PBXFileReference; lastKnownFileType = sourcecode.c.h; path = ChangeCardStatusSignView.h; sourceTree = "<group>"; };
		581CFFC6233B48020024AB0C /* ChangeCardStatusSignView.m */ = {isa = PBXFileReference; lastKnownFileType = sourcecode.c.objc; path = ChangeCardStatusSignView.m; sourceTree = "<group>"; };
		5838081C233371CC00A5E4DD /* SignCardStatusView.h */ = {isa = PBXFileReference; lastKnownFileType = sourcecode.c.h; path = SignCardStatusView.h; sourceTree = "<group>"; };
		5838081D233371CC00A5E4DD /* SignCardStatusView.m */ = {isa = PBXFileReference; lastKnownFileType = sourcecode.c.objc; path = SignCardStatusView.m; sourceTree = "<group>"; };
		5838081F2333842000A5E4DD /* ChangeCardPinView.h */ = {isa = PBXFileReference; lastKnownFileType = sourcecode.c.h; path = ChangeCardPinView.h; sourceTree = "<group>"; };
		583808202333842000A5E4DD /* ChangeCardPinView.m */ = {isa = PBXFileReference; lastKnownFileType = sourcecode.c.objc; path = ChangeCardPinView.m; sourceTree = "<group>"; };
		58380822233385E800A5E4DD /* NewPinView.h */ = {isa = PBXFileReference; lastKnownFileType = sourcecode.c.h; path = NewPinView.h; sourceTree = "<group>"; };
		58380823233385E800A5E4DD /* NewPinView.m */ = {isa = PBXFileReference; lastKnownFileType = sourcecode.c.objc; path = NewPinView.m; sourceTree = "<group>"; };
		583808252333877300A5E4DD /* ConfirmNewPinView.h */ = {isa = PBXFileReference; lastKnownFileType = sourcecode.c.h; path = ConfirmNewPinView.h; sourceTree = "<group>"; };
		583808262333877300A5E4DD /* ConfirmNewPinView.m */ = {isa = PBXFileReference; lastKnownFileType = sourcecode.c.objc; path = ConfirmNewPinView.m; sourceTree = "<group>"; };
		583808282333959200A5E4DD /* ChangeCardLimitView.h */ = {isa = PBXFileReference; lastKnownFileType = sourcecode.c.h; path = ChangeCardLimitView.h; sourceTree = "<group>"; };
		583808292333959200A5E4DD /* ChangeCardLimitView.m */ = {isa = PBXFileReference; lastKnownFileType = sourcecode.c.objc; path = ChangeCardLimitView.m; sourceTree = "<group>"; };
		58728AFC232A9E4300444D3A /* ColorViewController.h */ = {isa = PBXFileReference; fileEncoding = 4; lastKnownFileType = sourcecode.c.h; path = ColorViewController.h; sourceTree = "<group>"; };
		58728AFD232A9E4300444D3A /* ColorViewController.m */ = {isa = PBXFileReference; fileEncoding = 4; lastKnownFileType = sourcecode.c.objc; path = ColorViewController.m; sourceTree = "<group>"; };
		58728AFE232A9E4400444D3A /* MapViewController.h */ = {isa = PBXFileReference; fileEncoding = 4; lastKnownFileType = sourcecode.c.h; path = MapViewController.h; sourceTree = "<group>"; };
		58728AFF232A9E4500444D3A /* MapViewController.m */ = {isa = PBXFileReference; fileEncoding = 4; lastKnownFileType = sourcecode.c.objc; path = MapViewController.m; sourceTree = "<group>"; };
		58728B00232A9E4600444D3A /* MenuViewController.m */ = {isa = PBXFileReference; fileEncoding = 4; lastKnownFileType = sourcecode.c.objc; path = MenuViewController.m; sourceTree = "<group>"; };
		58728B01232A9E4600444D3A /* MenuViewController.h */ = {isa = PBXFileReference; fileEncoding = 4; lastKnownFileType = sourcecode.c.h; path = MenuViewController.h; sourceTree = "<group>"; };
		587BBD552322676A007D14E7 /* AccountTableViewController.h */ = {isa = PBXFileReference; lastKnownFileType = sourcecode.c.h; path = AccountTableViewController.h; sourceTree = "<group>"; };
		587BBD562322676A007D14E7 /* AccountTableViewController.m */ = {isa = PBXFileReference; lastKnownFileType = sourcecode.c.objc; path = AccountTableViewController.m; sourceTree = "<group>"; };
		587C6D8B2333209300F92252 /* ChangeCardStatusView.h */ = {isa = PBXFileReference; lastKnownFileType = sourcecode.c.h; path = ChangeCardStatusView.h; sourceTree = "<group>"; };
		587C6D8C2333209300F92252 /* ChangeCardStatusView.m */ = {isa = PBXFileReference; lastKnownFileType = sourcecode.c.objc; path = ChangeCardStatusView.m; sourceTree = "<group>"; };
		588652A023293D2D00E4BBC3 /* CitadConfirmScreen.h */ = {isa = PBXFileReference; lastKnownFileType = sourcecode.c.h; path = CitadConfirmScreen.h; sourceTree = "<group>"; };
		588652A123293D2D00E4BBC3 /* CitadConfirmScreen.m */ = {isa = PBXFileReference; lastKnownFileType = sourcecode.c.objc; path = CitadConfirmScreen.m; sourceTree = "<group>"; };
		588EC76E2341D88F00E742A7 /* ChangeCapView.h */ = {isa = PBXFileReference; lastKnownFileType = sourcecode.c.h; path = ChangeCapView.h; sourceTree = "<group>"; };
		588EC76F2341D88F00E742A7 /* ChangeCapView.m */ = {isa = PBXFileReference; lastKnownFileType = sourcecode.c.objc; path = ChangeCapView.m; sourceTree = "<group>"; };
		589854B0232A727A0008316A /* MenuView.h */ = {isa = PBXFileReference; lastKnownFileType = sourcecode.c.h; path = MenuView.h; sourceTree = "<group>"; };
		589854B1232A727A0008316A /* MenuView.m */ = {isa = PBXFileReference; lastKnownFileType = sourcecode.c.objc; path = MenuView.m; sourceTree = "<group>"; };
		589854B4232A78FC0008316A /* MapView.h */ = {isa = PBXFileReference; lastKnownFileType = sourcecode.c.h; path = MapView.h; sourceTree = "<group>"; };
		589854B5232A78FC0008316A /* MapView.m */ = {isa = PBXFileReference; lastKnownFileType = sourcecode.c.objc; path = MapView.m; sourceTree = "<group>"; };
		589854B7232A855D0008316A /* CoreGraphics.framework */ = {isa = PBXFileReference; lastKnownFileType = wrapper.framework; name = CoreGraphics.framework; path = System/Library/Frameworks/CoreGraphics.framework; sourceTree = SDKROOT; };
		589854B8232A855D0008316A /* MapKit.framework */ = {isa = PBXFileReference; lastKnownFileType = wrapper.framework; name = MapKit.framework; path = System/Library/Frameworks/MapKit.framework; sourceTree = SDKROOT; };
		589854B9232A855D0008316A /* UIKit.framework */ = {isa = PBXFileReference; lastKnownFileType = wrapper.framework; name = UIKit.framework; path = System/Library/Frameworks/UIKit.framework; sourceTree = SDKROOT; };
		589854BA232A855E0008316A /* Foundation.framework */ = {isa = PBXFileReference; lastKnownFileType = wrapper.framework; name = Foundation.framework; path = System/Library/Frameworks/Foundation.framework; sourceTree = SDKROOT; };
		589854BC232A85A50008316A /* SWRevealViewController.h */ = {isa = PBXFileReference; fileEncoding = 4; lastKnownFileType = sourcecode.c.h; path = SWRevealViewController.h; sourceTree = "<group>"; };
		589854BD232A85A50008316A /* SWRevealViewController.m */ = {isa = PBXFileReference; fileEncoding = 4; lastKnownFileType = sourcecode.c.objc; path = SWRevealViewController.m; sourceTree = "<group>"; };
		589854C1232A89D00008316A /* ActivationView.h */ = {isa = PBXFileReference; lastKnownFileType = sourcecode.c.h; path = ActivationView.h; sourceTree = "<group>"; };
		589854C2232A89D00008316A /* ActivationView.m */ = {isa = PBXFileReference; lastKnownFileType = sourcecode.c.objc; path = ActivationView.m; sourceTree = "<group>"; };
		5898A9BF2337203700DFB043 /* InfoCell.h */ = {isa = PBXFileReference; lastKnownFileType = sourcecode.c.h; path = InfoCell.h; sourceTree = "<group>"; };
		5898A9C02337203700DFB043 /* InfoCell.m */ = {isa = PBXFileReference; lastKnownFileType = sourcecode.c.objc; path = InfoCell.m; sourceTree = "<group>"; };
		589C3965231FBC90001D30E2 /* LoginIDController.h */ = {isa = PBXFileReference; lastKnownFileType = sourcecode.c.h; path = LoginIDController.h; sourceTree = "<group>"; };
		589C3966231FBC90001D30E2 /* LoginIDController.m */ = {isa = PBXFileReference; lastKnownFileType = sourcecode.c.objc; path = LoginIDController.m; sourceTree = "<group>"; };
		589C39962320C771001D30E2 /* LoginMethodViewController.h */ = {isa = PBXFileReference; lastKnownFileType = sourcecode.c.h; path = LoginMethodViewController.h; sourceTree = "<group>"; };
		589C39972320C771001D30E2 /* LoginMethodViewController.m */ = {isa = PBXFileReference; lastKnownFileType = sourcecode.c.objc; path = LoginMethodViewController.m; sourceTree = "<group>"; };
		589C39A12320E514001D30E2 /* CenterView.xib */ = {isa = PBXFileReference; lastKnownFileType = file.xib; path = CenterView.xib; sourceTree = "<group>"; };
		589C39A62320E57F001D30E2 /* CenterView.h */ = {isa = PBXFileReference; lastKnownFileType = sourcecode.c.h; path = CenterView.h; sourceTree = "<group>"; };
		589C39A72320E57F001D30E2 /* CenterView.m */ = {isa = PBXFileReference; lastKnownFileType = sourcecode.c.objc; path = CenterView.m; sourceTree = "<group>"; };
		589C39AA2320FC81001D30E2 /* UnlockMethodViewController.h */ = {isa = PBXFileReference; lastKnownFileType = sourcecode.c.h; path = UnlockMethodViewController.h; sourceTree = "<group>"; };
		589C39AB2320FC81001D30E2 /* UnlockMethodViewController.m */ = {isa = PBXFileReference; lastKnownFileType = sourcecode.c.objc; path = UnlockMethodViewController.m; sourceTree = "<group>"; };
		589CE15723267EC400F36B99 /* AccountData.h */ = {isa = PBXFileReference; lastKnownFileType = sourcecode.c.h; path = AccountData.h; sourceTree = "<group>"; };
		589CE15823267EC400F36B99 /* AccountData.m */ = {isa = PBXFileReference; lastKnownFileType = sourcecode.c.objc; path = AccountData.m; sourceTree = "<group>"; };
		589CE15A23267EE100F36B99 /* AccountList.h */ = {isa = PBXFileReference; lastKnownFileType = sourcecode.c.h; path = AccountList.h; sourceTree = "<group>"; };
		589CE15B23267EE100F36B99 /* AccountList.m */ = {isa = PBXFileReference; lastKnownFileType = sourcecode.c.objc; path = AccountList.m; sourceTree = "<group>"; };
		589CE15D232697F300F36B99 /* AccountType.h */ = {isa = PBXFileReference; lastKnownFileType = sourcecode.c.h; path = AccountType.h; sourceTree = "<group>"; };
		589CE15E232697F300F36B99 /* AccountType.m */ = {isa = PBXFileReference; lastKnownFileType = sourcecode.c.objc; path = AccountType.m; sourceTree = "<group>"; };
		58A02D162344416300BA7E88 /* BasicDetailsView.h */ = {isa = PBXFileReference; lastKnownFileType = sourcecode.c.h; path = BasicDetailsView.h; sourceTree = "<group>"; };
		58A02D172344416300BA7E88 /* BasicDetailsView.m */ = {isa = PBXFileReference; lastKnownFileType = sourcecode.c.objc; path = BasicDetailsView.m; sourceTree = "<group>"; };
		58A02D192344508500BA7E88 /* PersonalView.h */ = {isa = PBXFileReference; lastKnownFileType = sourcecode.c.h; path = PersonalView.h; sourceTree = "<group>"; };
		58A02D1A2344508500BA7E88 /* PersonalView.m */ = {isa = PBXFileReference; lastKnownFileType = sourcecode.c.objc; path = PersonalView.m; sourceTree = "<group>"; };
		58A4705B2319017C00AD90E2 /* 1_iOSVietBank.app */ = {isa = PBXFileReference; explicitFileType = wrapper.application; includeInIndex = 0; path = 1_iOSVietBank.app; sourceTree = BUILT_PRODUCTS_DIR; };
		58A4705E2319017C00AD90E2 /* AppDelegate.h */ = {isa = PBXFileReference; lastKnownFileType = sourcecode.c.h; path = AppDelegate.h; sourceTree = "<group>"; };
		58A4705F2319017C00AD90E2 /* AppDelegate.m */ = {isa = PBXFileReference; lastKnownFileType = sourcecode.c.objc; path = AppDelegate.m; sourceTree = "<group>"; };
		58A470612319017C00AD90E2 /* ViewController.h */ = {isa = PBXFileReference; lastKnownFileType = sourcecode.c.h; path = ViewController.h; sourceTree = "<group>"; };
		58A470622319017C00AD90E2 /* ViewController.m */ = {isa = PBXFileReference; lastKnownFileType = sourcecode.c.objc; path = ViewController.m; sourceTree = "<group>"; };
		58A470652319017C00AD90E2 /* Base */ = {isa = PBXFileReference; lastKnownFileType = file.storyboard; name = Base; path = Base.lproj/Main.storyboard; sourceTree = "<group>"; };
		58A470682319017C00AD90E2 /* __iOSVietBank.xcdatamodel */ = {isa = PBXFileReference; lastKnownFileType = wrapper.xcdatamodel; path = __iOSVietBank.xcdatamodel; sourceTree = "<group>"; };
		58A4706D2319017E00AD90E2 /* Base */ = {isa = PBXFileReference; lastKnownFileType = file.storyboard; name = Base; path = Base.lproj/LaunchScreen.storyboard; sourceTree = "<group>"; };
		58A4706F2319017E00AD90E2 /* Info.plist */ = {isa = PBXFileReference; lastKnownFileType = text.plist.xml; path = Info.plist; sourceTree = "<group>"; };
		58A470702319017E00AD90E2 /* main.m */ = {isa = PBXFileReference; lastKnownFileType = sourcecode.c.objc; path = main.m; sourceTree = "<group>"; };
		58A470762319017E00AD90E2 /* 1_iOSVietBankTests.xctest */ = {isa = PBXFileReference; explicitFileType = wrapper.cfbundle; includeInIndex = 0; path = 1_iOSVietBankTests.xctest; sourceTree = BUILT_PRODUCTS_DIR; };
		58A470812319017E00AD90E2 /* 1_iOSVietBankUITests.xctest */ = {isa = PBXFileReference; explicitFileType = wrapper.cfbundle; includeInIndex = 0; path = 1_iOSVietBankUITests.xctest; sourceTree = BUILT_PRODUCTS_DIR; };
		58ACE9782338B2A900747B76 /* ChangeCardLimitCodeView.h */ = {isa = PBXFileReference; lastKnownFileType = sourcecode.c.h; path = ChangeCardLimitCodeView.h; sourceTree = "<group>"; };
		58ACE9792338B2A900747B76 /* ChangeCardLimitCodeView.m */ = {isa = PBXFileReference; lastKnownFileType = sourcecode.c.objc; path = ChangeCardLimitCodeView.m; sourceTree = "<group>"; };
		58B7AD61232B36CF00DD1741 /* PatternVController.h */ = {isa = PBXFileReference; lastKnownFileType = sourcecode.c.h; path = PatternVController.h; sourceTree = "<group>"; };
		58B7AD62232B36CF00DD1741 /* PatternVController.m */ = {isa = PBXFileReference; lastKnownFileType = sourcecode.c.objc; path = PatternVController.m; sourceTree = "<group>"; };
		58B7AD65232B37BC00DD1741 /* PatternManager.h */ = {isa = PBXFileReference; fileEncoding = 4; lastKnownFileType = sourcecode.c.h; path = PatternManager.h; sourceTree = "<group>"; };
		58B7AD66232B37BC00DD1741 /* DrawingView.m */ = {isa = PBXFileReference; fileEncoding = 4; lastKnownFileType = sourcecode.c.objc; path = DrawingView.m; sourceTree = "<group>"; };
		58B7AD67232B37BC00DD1741 /* PatternView.m */ = {isa = PBXFileReference; fileEncoding = 4; lastKnownFileType = sourcecode.c.objc; path = PatternView.m; sourceTree = "<group>"; };
		58B7AD69232B37BD00DD1741 /* DrawingView.h */ = {isa = PBXFileReference; fileEncoding = 4; lastKnownFileType = sourcecode.c.h; path = DrawingView.h; sourceTree = "<group>"; };
		58B7AD6A232B37BD00DD1741 /* PatternManager.m */ = {isa = PBXFileReference; fileEncoding = 4; lastKnownFileType = sourcecode.c.objc; path = PatternManager.m; sourceTree = "<group>"; };
		58B7AD6B232B37BD00DD1741 /* NodeView.h */ = {isa = PBXFileReference; fileEncoding = 4; lastKnownFileType = sourcecode.c.h; path = NodeView.h; sourceTree = "<group>"; };
		58B7AD6C232B37BD00DD1741 /* NodeView.m */ = {isa = PBXFileReference; fileEncoding = 4; lastKnownFileType = sourcecode.c.objc; path = NodeView.m; sourceTree = "<group>"; };
		58B7AD6D232B37BD00DD1741 /* PatternView.h */ = {isa = PBXFileReference; fileEncoding = 4; lastKnownFileType = sourcecode.c.h; path = PatternView.h; sourceTree = "<group>"; };
		58B7AD73232B37ED00DD1741 /* Utils.m */ = {isa = PBXFileReference; fileEncoding = 4; lastKnownFileType = sourcecode.c.objc; path = Utils.m; sourceTree = "<group>"; };
		58B7AD74232B37ED00DD1741 /* Utils.h */ = {isa = PBXFileReference; fileEncoding = 4; lastKnownFileType = sourcecode.c.h; path = Utils.h; sourceTree = "<group>"; };
		58B7AD7B232B858B00DD1741 /* UIViewController+LCModal.h */ = {isa = PBXFileReference; fileEncoding = 4; lastKnownFileType = sourcecode.c.h; path = "UIViewController+LCModal.h"; sourceTree = "<group>"; xcLanguageSpecificationIdentifier = xcode.lang.objc; };
		58B7AD7C232B858B00DD1741 /* UIViewController+LCModal.m */ = {isa = PBXFileReference; fileEncoding = 4; lastKnownFileType = sourcecode.c.objc; path = "UIViewController+LCModal.m"; sourceTree = "<group>"; };
		58BAE704233C4D3B00FB7365 /* PayBillView.h */ = {isa = PBXFileReference; lastKnownFileType = sourcecode.c.h; path = PayBillView.h; sourceTree = "<group>"; };
		58BAE705233C4D3B00FB7365 /* PayBillView.m */ = {isa = PBXFileReference; lastKnownFileType = sourcecode.c.objc; path = PayBillView.m; sourceTree = "<group>"; };
		58BAE70A233C6BE400FB7365 /* PayBillViewCell.h */ = {isa = PBXFileReference; lastKnownFileType = sourcecode.c.h; path = PayBillViewCell.h; sourceTree = "<group>"; };
		58BAE70B233C6BE400FB7365 /* PayBillViewCell.m */ = {isa = PBXFileReference; lastKnownFileType = sourcecode.c.objc; path = PayBillViewCell.m; sourceTree = "<group>"; };
		58BAE70D233CA3AA00FB7365 /* PayBillInputView.h */ = {isa = PBXFileReference; lastKnownFileType = sourcecode.c.h; path = PayBillInputView.h; sourceTree = "<group>"; };
		58BAE70E233CA3AA00FB7365 /* PayBillInputView.m */ = {isa = PBXFileReference; lastKnownFileType = sourcecode.c.objc; path = PayBillInputView.m; sourceTree = "<group>"; };
		58BB497D2342FE8A0015B917 /* OfferView.h */ = {isa = PBXFileReference; lastKnownFileType = sourcecode.c.h; path = OfferView.h; sourceTree = "<group>"; };
		58BB497E2342FE8A0015B917 /* OfferView.m */ = {isa = PBXFileReference; lastKnownFileType = sourcecode.c.objc; path = OfferView.m; sourceTree = "<group>"; };
		58BB49802342FF030015B917 /* OfferCell.h */ = {isa = PBXFileReference; lastKnownFileType = sourcecode.c.h; path = OfferCell.h; sourceTree = "<group>"; };
		58BB49812342FF030015B917 /* OfferCell.m */ = {isa = PBXFileReference; lastKnownFileType = sourcecode.c.objc; path = OfferCell.m; sourceTree = "<group>"; };
		58BB498323430C9B0015B917 /* OfferSignView.h */ = {isa = PBXFileReference; lastKnownFileType = sourcecode.c.h; path = OfferSignView.h; sourceTree = "<group>"; };
		58BB498423430C9B0015B917 /* OfferSignView.m */ = {isa = PBXFileReference; lastKnownFileType = sourcecode.c.objc; path = OfferSignView.m; sourceTree = "<group>"; };
		58C04B3B2339C84F00CE569F /* DBTableViewController.h */ = {isa = PBXFileReference; lastKnownFileType = sourcecode.c.h; path = DBTableViewController.h; sourceTree = "<group>"; };
		58C04B3C2339C84F00CE569F /* DBTableViewController.m */ = {isa = PBXFileReference; lastKnownFileType = sourcecode.c.objc; path = DBTableViewController.m; sourceTree = "<group>"; };
		58C21F1723210CB400AD57B3 /* PinViewController.h */ = {isa = PBXFileReference; lastKnownFileType = sourcecode.c.h; path = PinViewController.h; sourceTree = "<group>"; };
		58C21F1823210CB400AD57B3 /* PinViewController.m */ = {isa = PBXFileReference; lastKnownFileType = sourcecode.c.objc; path = PinViewController.m; sourceTree = "<group>"; };
		58C21F1B23210CF100AD57B3 /* PatternViewController.h */ = {isa = PBXFileReference; lastKnownFileType = sourcecode.c.h; path = PatternViewController.h; sourceTree = "<group>"; };
		58C21F1C23210CF100AD57B3 /* PatternViewController.m */ = {isa = PBXFileReference; lastKnownFileType = sourcecode.c.objc; path = PatternViewController.m; sourceTree = "<group>"; };
		58C48AED233D9E8100175AA9 /* PayBillSignView.h */ = {isa = PBXFileReference; lastKnownFileType = sourcecode.c.h; path = PayBillSignView.h; sourceTree = "<group>"; };
		58C48AEE233D9E8100175AA9 /* PayBillSignView.m */ = {isa = PBXFileReference; lastKnownFileType = sourcecode.c.objc; path = PayBillSignView.m; sourceTree = "<group>"; };
		58C48AF0233DA6C600175AA9 /* PayBillStatusView.h */ = {isa = PBXFileReference; lastKnownFileType = sourcecode.c.h; path = PayBillStatusView.h; sourceTree = "<group>"; };
		58C48AF1233DA6C600175AA9 /* PayBillStatusView.m */ = {isa = PBXFileReference; lastKnownFileType = sourcecode.c.objc; path = PayBillStatusView.m; sourceTree = "<group>"; };
		58C5B4FB2325E57A0034519D /* DataAccount.plist */ = {isa = PBXFileReference; lastKnownFileType = text.plist.xml; path = DataAccount.plist; sourceTree = "<group>"; };
		58C5B502232606370034519D /* DataAccountViewController.h */ = {isa = PBXFileReference; lastKnownFileType = sourcecode.c.h; path = DataAccountViewController.h; sourceTree = "<group>"; };
		58C5B503232606370034519D /* DataAccountViewController.m */ = {isa = PBXFileReference; lastKnownFileType = sourcecode.c.objc; path = DataAccountViewController.m; sourceTree = "<group>"; };
		58C6C81D2323524500069179 /* SMSPasswordViewController.h */ = {isa = PBXFileReference; lastKnownFileType = sourcecode.c.h; path = SMSPasswordViewController.h; sourceTree = "<group>"; };
		58C6C81E2323524500069179 /* SMSPasswordViewController.m */ = {isa = PBXFileReference; lastKnownFileType = sourcecode.c.objc; path = SMSPasswordViewController.m; sourceTree = "<group>"; };
		58D25C5C234C235A00C30B67 /* Secondary.storyboard */ = {isa = PBXFileReference; lastKnownFileType = file.storyboard; path = Secondary.storyboard; sourceTree = "<group>"; };
		58D25C5F234C23D300C30B67 /* EditProfileView.h */ = {isa = PBXFileReference; lastKnownFileType = sourcecode.c.h; path = EditProfileView.h; sourceTree = "<group>"; };
		58D25C60234C23D300C30B67 /* EditProfileView.m */ = {isa = PBXFileReference; lastKnownFileType = sourcecode.c.objc; path = EditProfileView.m; sourceTree = "<group>"; };
		58D25C62234C46F900C30B67 /* TransactionView.h */ = {isa = PBXFileReference; lastKnownFileType = sourcecode.c.h; path = TransactionView.h; sourceTree = "<group>"; };
		58D25C63234C46F900C30B67 /* TransactionView.m */ = {isa = PBXFileReference; lastKnownFileType = sourcecode.c.objc; path = TransactionView.m; sourceTree = "<group>"; };
		58D25C65234C4C8000C30B67 /* TransactionCell.h */ = {isa = PBXFileReference; lastKnownFileType = sourcecode.c.h; path = TransactionCell.h; sourceTree = "<group>"; };
		58D25C66234C4C8000C30B67 /* TransactionCell.m */ = {isa = PBXFileReference; lastKnownFileType = sourcecode.c.objc; path = TransactionCell.m; sourceTree = "<group>"; };
		58D25C6D234C7A4D00C30B67 /* TransactionDetailView.h */ = {isa = PBXFileReference; lastKnownFileType = sourcecode.c.h; path = TransactionDetailView.h; sourceTree = "<group>"; };
		58D25C6E234C7A4D00C30B67 /* TransactionDetailView.m */ = {isa = PBXFileReference; lastKnownFileType = sourcecode.c.objc; path = TransactionDetailView.m; sourceTree = "<group>"; };
		58D48F52232C7C1E00407AE4 /* ShowDetailScreen.xib */ = {isa = PBXFileReference; fileEncoding = 4; lastKnownFileType = file.xib; path = ShowDetailScreen.xib; sourceTree = "<group>"; };
		58D6EBB423448A7900AA10BC /* ResidenceView.h */ = {isa = PBXFileReference; lastKnownFileType = sourcecode.c.h; path = ResidenceView.h; sourceTree = "<group>"; };
		58D6EBB523448A7900AA10BC /* ResidenceView.m */ = {isa = PBXFileReference; lastKnownFileType = sourcecode.c.objc; path = ResidenceView.m; sourceTree = "<group>"; };
		58D6EBBA234498AC00AA10BC /* ItemView.h */ = {isa = PBXFileReference; lastKnownFileType = sourcecode.c.h; path = ItemView.h; sourceTree = "<group>"; };
		58D6EBBB234498AC00AA10BC /* ItemView.m */ = {isa = PBXFileReference; lastKnownFileType = sourcecode.c.objc; path = ItemView.m; sourceTree = "<group>"; };
		58D6EBBD2344A44B00AA10BC /* ConfirmView.h */ = {isa = PBXFileReference; lastKnownFileType = sourcecode.c.h; path = ConfirmView.h; sourceTree = "<group>"; };
		58D6EBBE2344A44B00AA10BC /* ConfirmView.m */ = {isa = PBXFileReference; lastKnownFileType = sourcecode.c.objc; path = ConfirmView.m; sourceTree = "<group>"; };
		58D751B52321FE560011E7F3 /* LoginPinViewController.h */ = {isa = PBXFileReference; lastKnownFileType = sourcecode.c.h; path = LoginPinViewController.h; sourceTree = "<group>"; };
		58D751B62321FE560011E7F3 /* LoginPinViewController.m */ = {isa = PBXFileReference; lastKnownFileType = sourcecode.c.objc; path = LoginPinViewController.m; sourceTree = "<group>"; };
		58D751BF232232B00011E7F3 /* CardTableViewController.h */ = {isa = PBXFileReference; lastKnownFileType = sourcecode.c.h; path = CardTableViewController.h; sourceTree = "<group>"; };
		58D751C0232232B00011E7F3 /* CardTableViewController.m */ = {isa = PBXFileReference; lastKnownFileType = sourcecode.c.objc; path = CardTableViewController.m; sourceTree = "<group>"; };
		58D751C2232238320011E7F3 /* 1_iOSVietBank-Bridging-Header.h */ = {isa = PBXFileReference; lastKnownFileType = sourcecode.c.h; path = "1_iOSVietBank-Bridging-Header.h"; sourceTree = "<group>"; };
		58D8CFCC232BCE05008AC584 /* CitadSignScreen.h */ = {isa = PBXFileReference; lastKnownFileType = sourcecode.c.h; path = CitadSignScreen.h; sourceTree = "<group>"; };
		58D8CFCD232BCE05008AC584 /* CitadSignScreen.m */ = {isa = PBXFileReference; lastKnownFileType = sourcecode.c.objc; path = CitadSignScreen.m; sourceTree = "<group>"; };
		58DCB2C9232F1F2600F63C99 /* Assets.xcassets */ = {isa = PBXFileReference; lastKnownFileType = folder.assetcatalog; path = Assets.xcassets; sourceTree = "<group>"; };
		58E7DB592331BF85006495D4 /* CardListView.h */ = {isa = PBXFileReference; lastKnownFileType = sourcecode.c.h; path = CardListView.h; sourceTree = "<group>"; };
		58E7DB5A2331BF85006495D4 /* CardListView.m */ = {isa = PBXFileReference; lastKnownFileType = sourcecode.c.objc; path = CardListView.m; sourceTree = "<group>"; };
		58E7DB5C2331DF74006495D4 /* CardDetailView.h */ = {isa = PBXFileReference; lastKnownFileType = sourcecode.c.h; path = CardDetailView.h; sourceTree = "<group>"; };
		58E7DB5D2331DF74006495D4 /* CardDetailView.m */ = {isa = PBXFileReference; lastKnownFileType = sourcecode.c.objc; path = CardDetailView.m; sourceTree = "<group>"; };
		58E7DB5F23320767006495D4 /* CardCell.h */ = {isa = PBXFileReference; lastKnownFileType = sourcecode.c.h; path = CardCell.h; sourceTree = "<group>"; };
		58E7DB6023320767006495D4 /* CardCell.m */ = {isa = PBXFileReference; lastKnownFileType = sourcecode.c.objc; path = CardCell.m; sourceTree = "<group>"; };
		58EAF403234AE3A500C7E08C /* MenuLeftView.h */ = {isa = PBXFileReference; lastKnownFileType = sourcecode.c.h; path = MenuLeftView.h; sourceTree = "<group>"; };
		58EAF404234AE3A500C7E08C /* MenuLeftView.m */ = {isa = PBXFileReference; lastKnownFileType = sourcecode.c.objc; path = MenuLeftView.m; sourceTree = "<group>"; };
		58EAF406234B0CE500C7E08C /* MenuListCell.h */ = {isa = PBXFileReference; lastKnownFileType = sourcecode.c.h; path = MenuListCell.h; sourceTree = "<group>"; };
		58EAF407234B0CE500C7E08C /* MenuListCell.m */ = {isa = PBXFileReference; lastKnownFileType = sourcecode.c.objc; path = MenuListCell.m; sourceTree = "<group>"; };
		58EE2C0E234D7CDE00905D86 /* ProfileView.h */ = {isa = PBXFileReference; lastKnownFileType = sourcecode.c.h; path = ProfileView.h; sourceTree = "<group>"; };
		58EE2C0F234D7CDE00905D86 /* ProfileView.m */ = {isa = PBXFileReference; lastKnownFileType = sourcecode.c.objc; path = ProfileView.m; sourceTree = "<group>"; };
		58EE2C14234DB73000905D86 /* EditProfileDetailView.m */ = {isa = PBXFileReference; fileEncoding = 4; lastKnownFileType = sourcecode.c.objc; path = EditProfileDetailView.m; sourceTree = "<group>"; };
		58EEEBB5232754CE00200787 /* CustomAccountTableViewCell.h */ = {isa = PBXFileReference; lastKnownFileType = sourcecode.c.h; path = CustomAccountTableViewCell.h; sourceTree = "<group>"; };
		58EEEBB6232754CE00200787 /* CustomAccountTableViewCell.m */ = {isa = PBXFileReference; lastKnownFileType = sourcecode.c.objc; path = CustomAccountTableViewCell.m; sourceTree = "<group>"; };
		58EEEBB923278C4800200787 /* AccountDetail.h */ = {isa = PBXFileReference; lastKnownFileType = sourcecode.c.h; path = AccountDetail.h; sourceTree = "<group>"; };
		58EEEBBA23278C4800200787 /* AccountDetail.m */ = {isa = PBXFileReference; lastKnownFileType = sourcecode.c.objc; path = AccountDetail.m; sourceTree = "<group>"; };
		58EEEBBD2327F80D00200787 /* ShowDetailScreen.h */ = {isa = PBXFileReference; lastKnownFileType = sourcecode.c.h; path = ShowDetailScreen.h; sourceTree = "<group>"; };
		58EEEBBE2327F80D00200787 /* ShowDetailScreen.m */ = {isa = PBXFileReference; lastKnownFileType = sourcecode.c.objc; path = ShowDetailScreen.m; sourceTree = "<group>"; };
		58EEEBC3232884A300200787 /* DashBoardViewController.h */ = {isa = PBXFileReference; lastKnownFileType = sourcecode.c.h; path = DashBoardViewController.h; sourceTree = "<group>"; };
		58EEEBC4232884A300200787 /* DashBoardViewController.m */ = {isa = PBXFileReference; lastKnownFileType = sourcecode.c.objc; path = DashBoardViewController.m; sourceTree = "<group>"; };
		58EEEBC72328AA7B00200787 /* DBAccountViewController.h */ = {isa = PBXFileReference; lastKnownFileType = sourcecode.c.h; path = DBAccountViewController.h; sourceTree = "<group>"; };
		58EEEBC82328AA7B00200787 /* DBAccountViewController.m */ = {isa = PBXFileReference; lastKnownFileType = sourcecode.c.objc; path = DBAccountViewController.m; sourceTree = "<group>"; };
		58EEEBCD2328B0EE00200787 /* DBAccount.h */ = {isa = PBXFileReference; lastKnownFileType = sourcecode.c.h; path = DBAccount.h; sourceTree = "<group>"; };
		58EEEBCE2328B0EE00200787 /* DBAccount.m */ = {isa = PBXFileReference; lastKnownFileType = sourcecode.c.objc; path = DBAccount.m; sourceTree = "<group>"; };
		58EEEBD22328B1FB00200787 /* DBAccountCustomCellTableViewCell.h */ = {isa = PBXFileReference; lastKnownFileType = sourcecode.c.h; path = DBAccountCustomCellTableViewCell.h; sourceTree = "<group>"; };
		58EEEBD32328B1FB00200787 /* DBAccountCustomCellTableViewCell.m */ = {isa = PBXFileReference; lastKnownFileType = sourcecode.c.objc; path = DBAccountCustomCellTableViewCell.m; sourceTree = "<group>"; };
		58EEEBD52328D2D100200787 /* DataAccountTableViewController.h */ = {isa = PBXFileReference; lastKnownFileType = sourcecode.c.h; path = DataAccountTableViewController.h; sourceTree = "<group>"; };
		58EEEBD62328D2D100200787 /* DataAccountTableViewController.m */ = {isa = PBXFileReference; lastKnownFileType = sourcecode.c.objc; path = DataAccountTableViewController.m; sourceTree = "<group>"; };
		58F20EC1232F94DA0081B86D /* DBView.h */ = {isa = PBXFileReference; lastKnownFileType = sourcecode.c.h; path = DBView.h; sourceTree = "<group>"; };
		58F20EC2232F94DA0081B86D /* DBView.m */ = {isa = PBXFileReference; lastKnownFileType = sourcecode.c.objc; path = DBView.m; sourceTree = "<group>"; };
/* End PBXFileReference section */

/* Begin PBXFrameworksBuildPhase section */
		58A470582319017C00AD90E2 /* Frameworks */ = {
			isa = PBXFrameworksBuildPhase;
			buildActionMask = 2147483647;
			files = (
			);
			runOnlyForDeploymentPostprocessing = 0;
		};
		58A470732319017E00AD90E2 /* Frameworks */ = {
			isa = PBXFrameworksBuildPhase;
			buildActionMask = 2147483647;
			files = (
			);
			runOnlyForDeploymentPostprocessing = 0;
		};
		58A4707E2319017E00AD90E2 /* Frameworks */ = {
			isa = PBXFrameworksBuildPhase;
			buildActionMask = 2147483647;
			files = (
			);
			runOnlyForDeploymentPostprocessing = 0;
		};
/* End PBXFrameworksBuildPhase section */

/* Begin PBXGroup section */
		587BBD5323226735007D14E7 /* AccountTableShort */ = {
			isa = PBXGroup;
			children = (
				587BBD552322676A007D14E7 /* AccountTableViewController.h */,
				587BBD562322676A007D14E7 /* AccountTableViewController.m */,
			);
			path = AccountTableShort;
			sourceTree = "<group>";
		};
		5886529C2328E45500E4BBC3 /* Transaction */ = {
			isa = PBXGroup;
			children = (
				588652A023293D2D00E4BBC3 /* CitadConfirmScreen.h */,
				588652A123293D2D00E4BBC3 /* CitadConfirmScreen.m */,
				58D8CFCC232BCE05008AC584 /* CitadSignScreen.h */,
				58D8CFCD232BCE05008AC584 /* CitadSignScreen.m */,
				581CFFBC233B016C0024AB0C /* CitadInpudView.h */,
				581CFFBD233B016C0024AB0C /* CitadInpudView.m */,
				58D25C62234C46F900C30B67 /* TransactionView.h */,
				58D25C63234C46F900C30B67 /* TransactionView.m */,
				58D25C65234C4C8000C30B67 /* TransactionCell.h */,
				58D25C66234C4C8000C30B67 /* TransactionCell.m */,
				58D25C6D234C7A4D00C30B67 /* TransactionDetailView.h */,
				58D25C6E234C7A4D00C30B67 /* TransactionDetailView.m */,
			);
			path = Transaction;
			sourceTree = "<group>";
		};
		588EC76D2341D83900E742A7 /* Offer */ = {
			isa = PBXGroup;
			children = (
				588EC76E2341D88F00E742A7 /* ChangeCapView.h */,
				588EC76F2341D88F00E742A7 /* ChangeCapView.m */,
				58BB497D2342FE8A0015B917 /* OfferView.h */,
				58BB497E2342FE8A0015B917 /* OfferView.m */,
				58BB49802342FF030015B917 /* OfferCell.h */,
				58BB49812342FF030015B917 /* OfferCell.m */,
				58BB498323430C9B0015B917 /* OfferSignView.h */,
				58BB498423430C9B0015B917 /* OfferSignView.m */,
			);
			path = Offer;
			sourceTree = "<group>";
		};
		589854AF232A72610008316A /* Menu */ = {
			isa = PBXGroup;
			children = (
				589854B0232A727A0008316A /* MenuView.h */,
				589854B1232A727A0008316A /* MenuView.m */,
				58EAF403234AE3A500C7E08C /* MenuLeftView.h */,
				58EAF404234AE3A500C7E08C /* MenuLeftView.m */,
				58EAF406234B0CE500C7E08C /* MenuListCell.h */,
				58EAF407234B0CE500C7E08C /* MenuListCell.m */,
			);
			path = Menu;
			sourceTree = "<group>";
		};
		589854B3232A78E20008316A /* Map */ = {
			isa = PBXGroup;
			children = (
				589854B4232A78FC0008316A /* MapView.h */,
				589854B5232A78FC0008316A /* MapView.m */,
			);
			path = Map;
			sourceTree = "<group>";
		};
		589854BB232A85A50008316A /* SWRevealViewController */ = {
			isa = PBXGroup;
			children = (
				589854BC232A85A50008316A /* SWRevealViewController.h */,
				589854BD232A85A50008316A /* SWRevealViewController.m */,
			);
			path = SWRevealViewController;
			sourceTree = "<group>";
		};
		589854BF232A89AE0008316A /* Activation */ = {
			isa = PBXGroup;
			children = (
				58728AFC232A9E4300444D3A /* ColorViewController.h */,
				58728AFD232A9E4300444D3A /* ColorViewController.m */,
				58728AFE232A9E4400444D3A /* MapViewController.h */,
				58728AFF232A9E4500444D3A /* MapViewController.m */,
				58728B01232A9E4600444D3A /* MenuViewController.h */,
				58728B00232A9E4600444D3A /* MenuViewController.m */,
				589854C1232A89D00008316A /* ActivationView.h */,
				589854C2232A89D00008316A /* ActivationView.m */,
			);
			path = Activation;
			sourceTree = "<group>";
		};
		589C39952320C740001D30E2 /* LoginMethod */ = {
			isa = PBXGroup;
			children = (
				589C39962320C771001D30E2 /* LoginMethodViewController.h */,
				589C39972320C771001D30E2 /* LoginMethodViewController.m */,
			);
			path = LoginMethod;
			sourceTree = "<group>";
		};
		589C39992320E1B9001D30E2 /* CenterView */ = {
			isa = PBXGroup;
			children = (
				589C39A12320E514001D30E2 /* CenterView.xib */,
				589C39A62320E57F001D30E2 /* CenterView.h */,
				589C39A72320E57F001D30E2 /* CenterView.m */,
			);
			path = CenterView;
			sourceTree = "<group>";
		};
		589C39A92320FC36001D30E2 /* UnlockMethod */ = {
			isa = PBXGroup;
			children = (
				589C39AA2320FC81001D30E2 /* UnlockMethodViewController.h */,
				589C39AB2320FC81001D30E2 /* UnlockMethodViewController.m */,
			);
			path = UnlockMethod;
			sourceTree = "<group>";
		};
		58A02D152344414500BA7E88 /* Technical */ = {
			isa = PBXGroup;
			children = (
				58A02D162344416300BA7E88 /* BasicDetailsView.h */,
				58A02D172344416300BA7E88 /* BasicDetailsView.m */,
				58A02D192344508500BA7E88 /* PersonalView.h */,
				58A02D1A2344508500BA7E88 /* PersonalView.m */,
				58D6EBB423448A7900AA10BC /* ResidenceView.h */,
				58D6EBB523448A7900AA10BC /* ResidenceView.m */,
				58D6EBBA234498AC00AA10BC /* ItemView.h */,
				58D6EBBB234498AC00AA10BC /* ItemView.m */,
				58D6EBBD2344A44B00AA10BC /* ConfirmView.h */,
				58D6EBBE2344A44B00AA10BC /* ConfirmView.m */,
			);
			path = Technical;
			sourceTree = "<group>";
		};
		58A470522319017C00AD90E2 = {
			isa = PBXGroup;
			children = (
				58EE2C14234DB73000905D86 /* EditProfileDetailView.m */,
				58A4705D2319017C00AD90E2 /* 1_iOSVietBank */,
				589854BB232A85A50008316A /* SWRevealViewController */,
				58A4705C2319017C00AD90E2 /* Products */,
				B518DB4454941A542B1C5A86 /* Frameworks */,
			);
			sourceTree = "<group>";
		};
		58A4705C2319017C00AD90E2 /* Products */ = {
			isa = PBXGroup;
			children = (
				58A4705B2319017C00AD90E2 /* 1_iOSVietBank.app */,
				58A470762319017E00AD90E2 /* 1_iOSVietBankTests.xctest */,
				58A470812319017E00AD90E2 /* 1_iOSVietBankUITests.xctest */,
			);
			name = Products;
			sourceTree = "<group>";
		};
		58A4705D2319017C00AD90E2 /* 1_iOSVietBank */ = {
			isa = PBXGroup;
			children = (
				58D25C5E234C23B100C30B67 /* Profile */,
				58DCB2C9232F1F2600F63C99 /* Assets.xcassets */,
				58A470642319017C00AD90E2 /* Main.storyboard */,
				58D25C5C234C235A00C30B67 /* Secondary.storyboard */,
				58A02D152344414500BA7E88 /* Technical */,
				588EC76D2341D83900E742A7 /* Offer */,
				58BAE703233C4D1C00FB7365 /* PayBill */,
				58E7DB582331BF24006495D4 /* Card */,
				589854BF232A89AE0008316A /* Activation */,
				589854AF232A72610008316A /* Menu */,
				5886529C2328E45500E4BBC3 /* Transaction */,
				58EEEBC22328848700200787 /* Dashboard */,
				58C5B4FD2325F1FC0034519D /* AccountTableList */,
				58C5B4FA2325E5330034519D /* Data */,
				589854B3232A78E20008316A /* Map */,
				58C6C81C2323511C00069179 /* SMSPassword */,
				587BBD5323226735007D14E7 /* AccountTableShort */,
				58D751B823221B920011E7F3 /* CardTableShort */,
				58D751B42321FE3E0011E7F3 /* LoginPin */,
				58D751B22321FADA0011E7F3 /* LoginID */,
				58C21F1A23210CD800AD57B3 /* PatternUnlock */,
				58C21F1623210C8500AD57B3 /* PinUnlock */,
				589C39A92320FC36001D30E2 /* UnlockMethod */,
				589C39992320E1B9001D30E2 /* CenterView */,
				589C39952320C740001D30E2 /* LoginMethod */,
				58A470612319017C00AD90E2 /* ViewController.h */,
				58A470622319017C00AD90E2 /* ViewController.m */,
				58A4706F2319017E00AD90E2 /* Info.plist */,
				58D751C2232238320011E7F3 /* 1_iOSVietBank-Bridging-Header.h */,
				58D751B32321FAF20011E7F3 /* SupportFile */,
			);
			path = 1_iOSVietBank;
			sourceTree = "<group>";
		};
		58BAE703233C4D1C00FB7365 /* PayBill */ = {
			isa = PBXGroup;
			children = (
				58BAE704233C4D3B00FB7365 /* PayBillView.h */,
				58BAE705233C4D3B00FB7365 /* PayBillView.m */,
				58BAE70A233C6BE400FB7365 /* PayBillViewCell.h */,
				58BAE70B233C6BE400FB7365 /* PayBillViewCell.m */,
				58BAE70D233CA3AA00FB7365 /* PayBillInputView.h */,
				58BAE70E233CA3AA00FB7365 /* PayBillInputView.m */,
				58C48AED233D9E8100175AA9 /* PayBillSignView.h */,
				58C48AEE233D9E8100175AA9 /* PayBillSignView.m */,
				58C48AF0233DA6C600175AA9 /* PayBillStatusView.h */,
				58C48AF1233DA6C600175AA9 /* PayBillStatusView.m */,
			);
			path = PayBill;
			sourceTree = "<group>";
		};
		58C21F1623210C8500AD57B3 /* PinUnlock */ = {
			isa = PBXGroup;
			children = (
				58C21F1723210CB400AD57B3 /* PinViewController.h */,
				58C21F1823210CB400AD57B3 /* PinViewController.m */,
			);
			path = PinUnlock;
			sourceTree = "<group>";
		};
		58C21F1A23210CD800AD57B3 /* PatternUnlock */ = {
			isa = PBXGroup;
			children = (
				58B7AD74232B37ED00DD1741 /* Utils.h */,
				58B7AD73232B37ED00DD1741 /* Utils.m */,
				58B7AD69232B37BD00DD1741 /* DrawingView.h */,
				58B7AD66232B37BC00DD1741 /* DrawingView.m */,
				58B7AD6B232B37BD00DD1741 /* NodeView.h */,
				58B7AD6C232B37BD00DD1741 /* NodeView.m */,
				58B7AD65232B37BC00DD1741 /* PatternManager.h */,
				58B7AD6A232B37BD00DD1741 /* PatternManager.m */,
				58B7AD6D232B37BD00DD1741 /* PatternView.h */,
				58B7AD67232B37BC00DD1741 /* PatternView.m */,
				58C21F1B23210CF100AD57B3 /* PatternViewController.h */,
				58C21F1C23210CF100AD57B3 /* PatternViewController.m */,
				58B7AD61232B36CF00DD1741 /* PatternVController.h */,
				58B7AD62232B36CF00DD1741 /* PatternVController.m */,
			);
			path = PatternUnlock;
			sourceTree = "<group>";
		};
		58C5B4FA2325E5330034519D /* Data */ = {
			isa = PBXGroup;
			children = (
				58C5B4FB2325E57A0034519D /* DataAccount.plist */,
			);
			path = Data;
			sourceTree = "<group>";
		};
		58C5B4FD2325F1FC0034519D /* AccountTableList */ = {
			isa = PBXGroup;
			children = (
				58EEEBBC2327F4DF00200787 /* DetailAccount */,
				58EEEBB823278BE500200787 /* Model */,
				58C5B502232606370034519D /* DataAccountViewController.h */,
				58C5B503232606370034519D /* DataAccountViewController.m */,
				589CE15723267EC400F36B99 /* AccountData.h */,
				589CE15823267EC400F36B99 /* AccountData.m */,
				589CE15A23267EE100F36B99 /* AccountList.h */,
				589CE15B23267EE100F36B99 /* AccountList.m */,
				589CE15D232697F300F36B99 /* AccountType.h */,
				589CE15E232697F300F36B99 /* AccountType.m */,
				58EEEBB5232754CE00200787 /* CustomAccountTableViewCell.h */,
				58EEEBB6232754CE00200787 /* CustomAccountTableViewCell.m */,
			);
			path = AccountTableList;
			sourceTree = "<group>";
		};
		58C6C81C2323511C00069179 /* SMSPassword */ = {
			isa = PBXGroup;
			children = (
				58C6C81D2323524500069179 /* SMSPasswordViewController.h */,
				58C6C81E2323524500069179 /* SMSPasswordViewController.m */,
			);
			path = SMSPassword;
			sourceTree = "<group>";
		};
		58D25C5E234C23B100C30B67 /* Profile */ = {
			isa = PBXGroup;
			children = (
				58D25C5F234C23D300C30B67 /* EditProfileView.h */,
				58D25C60234C23D300C30B67 /* EditProfileView.m */,
				58EE2C0E234D7CDE00905D86 /* ProfileView.h */,
				58EE2C0F234D7CDE00905D86 /* ProfileView.m */,
				58023742234DBB4E003D14DC /* EditPictureView.h */,
				58023743234DBB4E003D14DC /* EditPictureView.m */,
			);
			path = Profile;
			sourceTree = "<group>";
		};
		58D751B22321FADA0011E7F3 /* LoginID */ = {
			isa = PBXGroup;
			children = (
				589C3965231FBC90001D30E2 /* LoginIDController.h */,
				589C3966231FBC90001D30E2 /* LoginIDController.m */,
			);
			path = LoginID;
			sourceTree = "<group>";
		};
		58D751B32321FAF20011E7F3 /* SupportFile */ = {
			isa = PBXGroup;
			children = (
				58A4705E2319017C00AD90E2 /* AppDelegate.h */,
				58A4705F2319017C00AD90E2 /* AppDelegate.m */,
				58A4706C2319017E00AD90E2 /* LaunchScreen.storyboard */,
				58A470702319017E00AD90E2 /* main.m */,
				58A470672319017C00AD90E2 /* __iOSVietBank.xcdatamodeld */,
			);
			path = SupportFile;
			sourceTree = "<group>";
		};
		58D751B42321FE3E0011E7F3 /* LoginPin */ = {
			isa = PBXGroup;
			children = (
				58D751B52321FE560011E7F3 /* LoginPinViewController.h */,
				58D751B62321FE560011E7F3 /* LoginPinViewController.m */,
			);
			path = LoginPin;
			sourceTree = "<group>";
		};
		58D751B823221B920011E7F3 /* CardTableShort */ = {
			isa = PBXGroup;
			children = (
				58D751BF232232B00011E7F3 /* CardTableViewController.h */,
				58D751C0232232B00011E7F3 /* CardTableViewController.m */,
			);
			path = CardTableShort;
			sourceTree = "<group>";
		};
		58E7DB582331BF24006495D4 /* Card */ = {
			isa = PBXGroup;
			children = (
				58E7DB592331BF85006495D4 /* CardListView.h */,
				58E7DB5A2331BF85006495D4 /* CardListView.m */,
				58E7DB5C2331DF74006495D4 /* CardDetailView.h */,
				58E7DB5D2331DF74006495D4 /* CardDetailView.m */,
				58E7DB5F23320767006495D4 /* CardCell.h */,
				58E7DB6023320767006495D4 /* CardCell.m */,
				587C6D8B2333209300F92252 /* ChangeCardStatusView.h */,
				587C6D8C2333209300F92252 /* ChangeCardStatusView.m */,
				5838081C233371CC00A5E4DD /* SignCardStatusView.h */,
				5838081D233371CC00A5E4DD /* SignCardStatusView.m */,
				5838081F2333842000A5E4DD /* ChangeCardPinView.h */,
				583808202333842000A5E4DD /* ChangeCardPinView.m */,
				58380822233385E800A5E4DD /* NewPinView.h */,
				58380823233385E800A5E4DD /* NewPinView.m */,
				583808252333877300A5E4DD /* ConfirmNewPinView.h */,
				583808262333877300A5E4DD /* ConfirmNewPinView.m */,
				583808282333959200A5E4DD /* ChangeCardLimitView.h */,
				583808292333959200A5E4DD /* ChangeCardLimitView.m */,
				5898A9BF2337203700DFB043 /* InfoCell.h */,
				5898A9C02337203700DFB043 /* InfoCell.m */,
				580021AF23385F5A00194F1D /* TemplateTableView.h */,
				580021B023385F5A00194F1D /* TemplateTableView.m */,
				58ACE9782338B2A900747B76 /* ChangeCardLimitCodeView.h */,
				58ACE9792338B2A900747B76 /* ChangeCardLimitCodeView.m */,
				581CFFC2233B40E80024AB0C /* ChangeCardLimitSignView.h */,
				581CFFC3233B40E80024AB0C /* ChangeCardLimitSignView.m */,
				581CFFC5233B48020024AB0C /* ChangeCardStatusSignView.h */,
				581CFFC6233B48020024AB0C /* ChangeCardStatusSignView.m */,
			);
			path = Card;
			sourceTree = "<group>";
		};
		58EEEBB823278BE500200787 /* Model */ = {
			isa = PBXGroup;
			children = (
				58EEEBB923278C4800200787 /* AccountDetail.h */,
				58EEEBBA23278C4800200787 /* AccountDetail.m */,
			);
			path = Model;
			sourceTree = "<group>";
		};
		58EEEBBC2327F4DF00200787 /* DetailAccount */ = {
			isa = PBXGroup;
			children = (
				58B7AD7B232B858B00DD1741 /* UIViewController+LCModal.h */,
				58B7AD7C232B858B00DD1741 /* UIViewController+LCModal.m */,
				58EEEBBD2327F80D00200787 /* ShowDetailScreen.h */,
				58EEEBBE2327F80D00200787 /* ShowDetailScreen.m */,
				58D48F52232C7C1E00407AE4 /* ShowDetailScreen.xib */,
				581CFFBF233B06B90024AB0C /* DetailView.h */,
				581CFFC0233B06B90024AB0C /* DetailView.m */,
			);
			path = DetailAccount;
			sourceTree = "<group>";
		};
		58EEEBC22328848700200787 /* Dashboard */ = {
			isa = PBXGroup;
			children = (
				58EEEBC62328AA5A00200787 /* DarhBoardAccounts */,
				58EEEBC3232884A300200787 /* DashBoardViewController.h */,
				58EEEBC4232884A300200787 /* DashBoardViewController.m */,
			);
			path = Dashboard;
			sourceTree = "<group>";
		};
		58EEEBC62328AA5A00200787 /* DarhBoardAccounts */ = {
			isa = PBXGroup;
			children = (
				58EEEBC72328AA7B00200787 /* DBAccountViewController.h */,
				58EEEBC82328AA7B00200787 /* DBAccountViewController.m */,
				58EEEBCD2328B0EE00200787 /* DBAccount.h */,
				58EEEBCE2328B0EE00200787 /* DBAccount.m */,
				58EEEBD22328B1FB00200787 /* DBAccountCustomCellTableViewCell.h */,
				58EEEBD32328B1FB00200787 /* DBAccountCustomCellTableViewCell.m */,
				58EEEBD52328D2D100200787 /* DataAccountTableViewController.h */,
				58EEEBD62328D2D100200787 /* DataAccountTableViewController.m */,
				58F20EC1232F94DA0081B86D /* DBView.h */,
				58F20EC2232F94DA0081B86D /* DBView.m */,
				58C04B3B2339C84F00CE569F /* DBTableViewController.h */,
				58C04B3C2339C84F00CE569F /* DBTableViewController.m */,
			);
			path = DarhBoardAccounts;
			sourceTree = "<group>";
		};
		B518DB4454941A542B1C5A86 /* Frameworks */ = {
			isa = PBXGroup;
			children = (
				589854B7232A855D0008316A /* CoreGraphics.framework */,
				589854BA232A855E0008316A /* Foundation.framework */,
				589854B8232A855D0008316A /* MapKit.framework */,
				589854B9232A855D0008316A /* UIKit.framework */,
			);
			name = Frameworks;
			sourceTree = "<group>";
		};
/* End PBXGroup section */

/* Begin PBXNativeTarget section */
		58A4705A2319017C00AD90E2 /* 1_iOSVietBank */ = {
			isa = PBXNativeTarget;
			buildConfigurationList = 58A4708A2319017E00AD90E2 /* Build configuration list for PBXNativeTarget "1_iOSVietBank" */;
			buildPhases = (
				58A470572319017C00AD90E2 /* Sources */,
				58A470582319017C00AD90E2 /* Frameworks */,
				58A470592319017C00AD90E2 /* Resources */,
			);
			buildRules = (
			);
			dependencies = (
			);
			name = 1_iOSVietBank;
			productName = 1_iOSVietBank;
			productReference = 58A4705B2319017C00AD90E2 /* 1_iOSVietBank.app */;
			productType = "com.apple.product-type.application";
		};
		58A470752319017E00AD90E2 /* 1_iOSVietBankTests */ = {
			isa = PBXNativeTarget;
			buildConfigurationList = 58A4708D2319017E00AD90E2 /* Build configuration list for PBXNativeTarget "1_iOSVietBankTests" */;
			buildPhases = (
				58A470722319017E00AD90E2 /* Sources */,
				58A470732319017E00AD90E2 /* Frameworks */,
				58A470742319017E00AD90E2 /* Resources */,
			);
			buildRules = (
			);
			dependencies = (
				58A470782319017E00AD90E2 /* PBXTargetDependency */,
			);
			name = 1_iOSVietBankTests;
			productName = 1_iOSVietBankTests;
			productReference = 58A470762319017E00AD90E2 /* 1_iOSVietBankTests.xctest */;
			productType = "com.apple.product-type.bundle.unit-test";
		};
		58A470802319017E00AD90E2 /* 1_iOSVietBankUITests */ = {
			isa = PBXNativeTarget;
			buildConfigurationList = 58A470902319017E00AD90E2 /* Build configuration list for PBXNativeTarget "1_iOSVietBankUITests" */;
			buildPhases = (
				58A4707D2319017E00AD90E2 /* Sources */,
				58A4707E2319017E00AD90E2 /* Frameworks */,
				58A4707F2319017E00AD90E2 /* Resources */,
			);
			buildRules = (
			);
			dependencies = (
				58A470832319017E00AD90E2 /* PBXTargetDependency */,
			);
			name = 1_iOSVietBankUITests;
			productName = 1_iOSVietBankUITests;
			productReference = 58A470812319017E00AD90E2 /* 1_iOSVietBankUITests.xctest */;
			productType = "com.apple.product-type.bundle.ui-testing";
		};
/* End PBXNativeTarget section */

/* Begin PBXProject section */
		58A470532319017C00AD90E2 /* Project object */ = {
			isa = PBXProject;
			attributes = {
				LastUpgradeCheck = 1030;
				ORGANIZATIONNAME = "Lực Nguyễn ";
				TargetAttributes = {
					58A4705A2319017C00AD90E2 = {
						CreatedOnToolsVersion = 10.3;
						LastSwiftMigration = 1030;
					};
					58A470752319017E00AD90E2 = {
						CreatedOnToolsVersion = 10.3;
						TestTargetID = 58A4705A2319017C00AD90E2;
					};
					58A470802319017E00AD90E2 = {
						CreatedOnToolsVersion = 10.3;
						TestTargetID = 58A4705A2319017C00AD90E2;
					};
				};
			};
			buildConfigurationList = 58A470562319017C00AD90E2 /* Build configuration list for PBXProject "1_iOSVietBank" */;
			compatibilityVersion = "Xcode 9.3";
			developmentRegion = en;
			hasScannedForEncodings = 0;
			knownRegions = (
				en,
				Base,
			);
			mainGroup = 58A470522319017C00AD90E2;
			productRefGroup = 58A4705C2319017C00AD90E2 /* Products */;
			projectDirPath = "";
			projectRoot = "";
			targets = (
				58A4705A2319017C00AD90E2 /* 1_iOSVietBank */,
				58A470752319017E00AD90E2 /* 1_iOSVietBankTests */,
				58A470802319017E00AD90E2 /* 1_iOSVietBankUITests */,
			);
		};
/* End PBXProject section */

/* Begin PBXResourcesBuildPhase section */
		58A470592319017C00AD90E2 /* Resources */ = {
			isa = PBXResourcesBuildPhase;
			buildActionMask = 2147483647;
			files = (
				58A4706E2319017E00AD90E2 /* LaunchScreen.storyboard in Resources */,
				58D48F53232C7C1E00407AE4 /* ShowDetailScreen.xib in Resources */,
				58C5B4FC2325E57A0034519D /* DataAccount.plist in Resources */,
				58D25C5D234C235A00C30B67 /* Secondary.storyboard in Resources */,
				58A470662319017C00AD90E2 /* Main.storyboard in Resources */,
				58DCB2CA232F1F2800F63C99 /* Assets.xcassets in Resources */,
				589C39A22320E514001D30E2 /* CenterView.xib in Resources */,
			);
			runOnlyForDeploymentPostprocessing = 0;
		};
		58A470742319017E00AD90E2 /* Resources */ = {
			isa = PBXResourcesBuildPhase;
			buildActionMask = 2147483647;
			files = (
			);
			runOnlyForDeploymentPostprocessing = 0;
		};
		58A4707F2319017E00AD90E2 /* Resources */ = {
			isa = PBXResourcesBuildPhase;
			buildActionMask = 2147483647;
			files = (
			);
			runOnlyForDeploymentPostprocessing = 0;
		};
/* End PBXResourcesBuildPhase section */

/* Begin PBXSourcesBuildPhase section */
		58A470572319017C00AD90E2 /* Sources */ = {
			isa = PBXSourcesBuildPhase;
			buildActionMask = 2147483647;
			files = (
				589C3967231FBC90001D30E2 /* LoginIDController.m in Sources */,
				583808212333842000A5E4DD /* ChangeCardPinView.m in Sources */,
				589854B2232A727A0008316A /* MenuView.m in Sources */,
				58B7AD7D232B858B00DD1741 /* UIViewController+LCModal.m in Sources */,
				58ACE97A2338B2A900747B76 /* ChangeCardLimitCodeView.m in Sources */,
				58C48AEF233D9E8100175AA9 /* PayBillSignView.m in Sources */,
				58D25C6F234C7A4D00C30B67 /* TransactionDetailView.m in Sources */,
				58728B02232A9E4700444D3A /* ColorViewController.m in Sources */,
				58D6EBB623448A7900AA10BC /* ResidenceView.m in Sources */,
				587BBD572322676A007D14E7 /* AccountTableViewController.m in Sources */,
				58728B04232A9E4700444D3A /* MenuViewController.m in Sources */,
				58EEEBC02327F80D00200787 /* ShowDetailScreen.m in Sources */,
				583808272333877300A5E4DD /* ConfirmNewPinView.m in Sources */,
				58B7AD63232B36CF00DD1741 /* PatternVController.m in Sources */,
				58C5B504232606370034519D /* DataAccountViewController.m in Sources */,
				58380824233385E800A5E4DD /* NewPinView.m in Sources */,
				580021B123385F5A00194F1D /* TemplateTableView.m in Sources */,
				58E7DB5B2331BF85006495D4 /* CardListView.m in Sources */,
				58D6EBBF2344A44B00AA10BC /* ConfirmView.m in Sources */,
				589CE15C23267EE100F36B99 /* AccountList.m in Sources */,
				58D751C1232232B00011E7F3 /* CardTableViewController.m in Sources */,
				58A470632319017C00AD90E2 /* ViewController.m in Sources */,
				58EEEBBB23278C4800200787 /* AccountDetail.m in Sources */,
				58EAF408234B0CE500C7E08C /* MenuListCell.m in Sources */,
				58E7DB6123320767006495D4 /* CardCell.m in Sources */,
				58EEEBD42328B1FB00200787 /* DBAccountCustomCellTableViewCell.m in Sources */,
				588652A223293D2D00E4BBC3 /* CitadConfirmScreen.m in Sources */,
				58A470602319017C00AD90E2 /* AppDelegate.m in Sources */,
				58EEEBD72328D2D100200787 /* DataAccountTableViewController.m in Sources */,
				58D8CFCE232BCE05008AC584 /* CitadSignScreen.m in Sources */,
				58D25C67234C4C8000C30B67 /* TransactionCell.m in Sources */,
				58728B03232A9E4700444D3A /* MapViewController.m in Sources */,
				58EEEBCF2328B0EE00200787 /* DBAccount.m in Sources */,
				58C6C81F2323524500069179 /* SMSPasswordViewController.m in Sources */,
				589C39AC2320FC81001D30E2 /* UnlockMethodViewController.m in Sources */,
				581CFFC7233B48020024AB0C /* ChangeCardStatusSignView.m in Sources */,
				589C39982320C771001D30E2 /* LoginMethodViewController.m in Sources */,
				58A02D182344416300BA7E88 /* BasicDetailsView.m in Sources */,
				58A470712319017E00AD90E2 /* main.m in Sources */,
				589854B6232A78FC0008316A /* MapView.m in Sources */,
				58EEEBC5232884A300200787 /* DashBoardViewController.m in Sources */,
				58A470692319017C00AD90E2 /* __iOSVietBank.xcdatamodeld in Sources */,
				58BB49822342FF030015B917 /* OfferCell.m in Sources */,
				58D25C64234C46F900C30B67 /* TransactionView.m in Sources */,
				587C6D8D2333209300F92252 /* ChangeCardStatusView.m in Sources */,
				58EEEBC92328AA7B00200787 /* DBAccountViewController.m in Sources */,
				58BB497F2342FE8A0015B917 /* OfferView.m in Sources */,
				58F20EC3232F94DA0081B86D /* DBView.m in Sources */,
				5838081E233371CC00A5E4DD /* SignCardStatusView.m in Sources */,
				58D751B72321FE560011E7F3 /* LoginPinViewController.m in Sources */,
				581CFFC4233B40E80024AB0C /* ChangeCardLimitSignView.m in Sources */,
				58EE2C15234DB73000905D86 /* EditProfileDetailView.m in Sources */,
				58BB498523430C9B0015B917 /* OfferSignView.m in Sources */,
				589854C3232A89D00008316A /* ActivationView.m in Sources */,
				58B7AD70232B37BD00DD1741 /* PatternView.m in Sources */,
				589854BE232A85A60008316A /* SWRevealViewController.m in Sources */,
				5838082A2333959200A5E4DD /* ChangeCardLimitView.m in Sources */,
				581CFFC1233B06B90024AB0C /* DetailView.m in Sources */,
				589C39A82320E57F001D30E2 /* CenterView.m in Sources */,
				58EE2C10234D7CDE00905D86 /* ProfileView.m in Sources */,
				58B7AD75232B37ED00DD1741 /* Utils.m in Sources */,
				58B7AD72232B37BD00DD1741 /* NodeView.m in Sources */,
				58C21F1923210CB400AD57B3 /* PinViewController.m in Sources */,
				58C04B3D2339C84F00CE569F /* DBTableViewController.m in Sources */,
				58EAF405234AE3A500C7E08C /* MenuLeftView.m in Sources */,
				58C21F1D23210CF100AD57B3 /* PatternViewController.m in Sources */,
				58BAE70F233CA3AA00FB7365 /* PayBillInputView.m in Sources */,
				58EEEBB7232754CE00200787 /* CustomAccountTableViewCell.m in Sources */,
				58B7AD71232B37BD00DD1741 /* PatternManager.m in Sources */,
				589CE15923267EC400F36B99 /* AccountData.m in Sources */,
				589CE15F232697F300F36B99 /* AccountType.m in Sources */,
				58B7AD6F232B37BD00DD1741 /* DrawingView.m in Sources */,
				58D25C61234C23D300C30B67 /* EditProfileView.m in Sources */,
				581CFFBE233B016C0024AB0C /* CitadInpudView.m in Sources */,
				58BAE70C233C6BE400FB7365 /* PayBillViewCell.m in Sources */,
				5898A9C12337203700DFB043 /* InfoCell.m in Sources */,
				58E7DB5E2331DF74006495D4 /* CardDetailView.m in Sources */,
				58A02D1B2344508500BA7E88 /* PersonalView.m in Sources */,
				58C48AF2233DA6C600175AA9 /* PayBillStatusView.m in Sources */,
				58BAE706233C4D3B00FB7365 /* PayBillView.m in Sources */,
				58D6EBBC234498AC00AA10BC /* ItemView.m in Sources */,
				58023744234DBB4E003D14DC /* EditPictureView.m in Sources */,
				588EC7702341D88F00E742A7 /* ChangeCapView.m in Sources */,
			);
			runOnlyForDeploymentPostprocessing = 0;
		};
		58A470722319017E00AD90E2 /* Sources */ = {
			isa = PBXSourcesBuildPhase;
			buildActionMask = 2147483647;
			files = (
			);
			runOnlyForDeploymentPostprocessing = 0;
		};
		58A4707D2319017E00AD90E2 /* Sources */ = {
			isa = PBXSourcesBuildPhase;
			buildActionMask = 2147483647;
			files = (
			);
			runOnlyForDeploymentPostprocessing = 0;
		};
/* End PBXSourcesBuildPhase section */

/* Begin PBXTargetDependency section */
		58A470782319017E00AD90E2 /* PBXTargetDependency */ = {
			isa = PBXTargetDependency;
			target = 58A4705A2319017C00AD90E2 /* 1_iOSVietBank */;
			targetProxy = 58A470772319017E00AD90E2 /* PBXContainerItemProxy */;
		};
		58A470832319017E00AD90E2 /* PBXTargetDependency */ = {
			isa = PBXTargetDependency;
			target = 58A4705A2319017C00AD90E2 /* 1_iOSVietBank */;
			targetProxy = 58A470822319017E00AD90E2 /* PBXContainerItemProxy */;
		};
/* End PBXTargetDependency section */

/* Begin PBXVariantGroup section */
		58A470642319017C00AD90E2 /* Main.storyboard */ = {
			isa = PBXVariantGroup;
			children = (
				58A470652319017C00AD90E2 /* Base */,
			);
			name = Main.storyboard;
			sourceTree = "<group>";
		};
		58A4706C2319017E00AD90E2 /* LaunchScreen.storyboard */ = {
			isa = PBXVariantGroup;
			children = (
				58A4706D2319017E00AD90E2 /* Base */,
			);
			name = LaunchScreen.storyboard;
			sourceTree = "<group>";
		};
/* End PBXVariantGroup section */

/* Begin XCBuildConfiguration section */
		58A470882319017E00AD90E2 /* Debug */ = {
			isa = XCBuildConfiguration;
			buildSettings = {
				ALWAYS_SEARCH_USER_PATHS = YES;
				CLANG_ANALYZER_NONNULL = YES;
				CLANG_ANALYZER_NUMBER_OBJECT_CONVERSION = YES_AGGRESSIVE;
				CLANG_CXX_LANGUAGE_STANDARD = "gnu++14";
				CLANG_CXX_LIBRARY = "libc++";
				CLANG_ENABLE_MODULES = YES;
				CLANG_ENABLE_OBJC_ARC = YES;
				CLANG_ENABLE_OBJC_WEAK = YES;
				CLANG_WARN_BLOCK_CAPTURE_AUTORELEASING = YES;
				CLANG_WARN_BOOL_CONVERSION = YES;
				CLANG_WARN_COMMA = YES;
				CLANG_WARN_CONSTANT_CONVERSION = YES;
				CLANG_WARN_DEPRECATED_OBJC_IMPLEMENTATIONS = YES;
				CLANG_WARN_DIRECT_OBJC_ISA_USAGE = YES_ERROR;
				CLANG_WARN_DOCUMENTATION_COMMENTS = YES;
				CLANG_WARN_EMPTY_BODY = YES;
				CLANG_WARN_ENUM_CONVERSION = YES;
				CLANG_WARN_INFINITE_RECURSION = YES;
				CLANG_WARN_INT_CONVERSION = YES;
				CLANG_WARN_NON_LITERAL_NULL_CONVERSION = YES;
				CLANG_WARN_OBJC_IMPLICIT_RETAIN_SELF = YES;
				CLANG_WARN_OBJC_LITERAL_CONVERSION = YES;
				CLANG_WARN_OBJC_ROOT_CLASS = YES_ERROR;
				CLANG_WARN_RANGE_LOOP_ANALYSIS = YES;
				CLANG_WARN_STRICT_PROTOTYPES = YES;
				CLANG_WARN_SUSPICIOUS_MOVE = YES;
				CLANG_WARN_UNGUARDED_AVAILABILITY = YES_AGGRESSIVE;
				CLANG_WARN_UNREACHABLE_CODE = YES;
				CLANG_WARN__DUPLICATE_METHOD_MATCH = YES;
				CODE_SIGN_IDENTITY = "iPhone Developer";
				COPY_PHASE_STRIP = NO;
				DEBUG_INFORMATION_FORMAT = dwarf;
				ENABLE_STRICT_OBJC_MSGSEND = YES;
				ENABLE_TESTABILITY = YES;
				GCC_C_LANGUAGE_STANDARD = gnu11;
				GCC_DYNAMIC_NO_PIC = NO;
				GCC_NO_COMMON_BLOCKS = YES;
				GCC_OPTIMIZATION_LEVEL = 0;
				GCC_PREPROCESSOR_DEFINITIONS = (
					"DEBUG=1",
					"$(inherited)",
				);
				GCC_WARN_64_TO_32_BIT_CONVERSION = YES;
				GCC_WARN_ABOUT_RETURN_TYPE = YES_ERROR;
				GCC_WARN_UNDECLARED_SELECTOR = YES;
				GCC_WARN_UNINITIALIZED_AUTOS = YES_AGGRESSIVE;
				GCC_WARN_UNUSED_FUNCTION = YES;
				GCC_WARN_UNUSED_VARIABLE = YES;
				IPHONEOS_DEPLOYMENT_TARGET = 12.4;
				MTL_ENABLE_DEBUG_INFO = INCLUDE_SOURCE;
				MTL_FAST_MATH = YES;
				ONLY_ACTIVE_ARCH = YES;
				SDKROOT = iphoneos;
			};
			name = Debug;
		};
		58A470892319017E00AD90E2 /* Release */ = {
			isa = XCBuildConfiguration;
			buildSettings = {
				ALWAYS_SEARCH_USER_PATHS = YES;
				CLANG_ANALYZER_NONNULL = YES;
				CLANG_ANALYZER_NUMBER_OBJECT_CONVERSION = YES_AGGRESSIVE;
				CLANG_CXX_LANGUAGE_STANDARD = "gnu++14";
				CLANG_CXX_LIBRARY = "libc++";
				CLANG_ENABLE_MODULES = YES;
				CLANG_ENABLE_OBJC_ARC = YES;
				CLANG_ENABLE_OBJC_WEAK = YES;
				CLANG_WARN_BLOCK_CAPTURE_AUTORELEASING = YES;
				CLANG_WARN_BOOL_CONVERSION = YES;
				CLANG_WARN_COMMA = YES;
				CLANG_WARN_CONSTANT_CONVERSION = YES;
				CLANG_WARN_DEPRECATED_OBJC_IMPLEMENTATIONS = YES;
				CLANG_WARN_DIRECT_OBJC_ISA_USAGE = YES_ERROR;
				CLANG_WARN_DOCUMENTATION_COMMENTS = YES;
				CLANG_WARN_EMPTY_BODY = YES;
				CLANG_WARN_ENUM_CONVERSION = YES;
				CLANG_WARN_INFINITE_RECURSION = YES;
				CLANG_WARN_INT_CONVERSION = YES;
				CLANG_WARN_NON_LITERAL_NULL_CONVERSION = YES;
				CLANG_WARN_OBJC_IMPLICIT_RETAIN_SELF = YES;
				CLANG_WARN_OBJC_LITERAL_CONVERSION = YES;
				CLANG_WARN_OBJC_ROOT_CLASS = YES_ERROR;
				CLANG_WARN_RANGE_LOOP_ANALYSIS = YES;
				CLANG_WARN_STRICT_PROTOTYPES = YES;
				CLANG_WARN_SUSPICIOUS_MOVE = YES;
				CLANG_WARN_UNGUARDED_AVAILABILITY = YES_AGGRESSIVE;
				CLANG_WARN_UNREACHABLE_CODE = YES;
				CLANG_WARN__DUPLICATE_METHOD_MATCH = YES;
				CODE_SIGN_IDENTITY = "iPhone Developer";
				COPY_PHASE_STRIP = NO;
				DEBUG_INFORMATION_FORMAT = "dwarf-with-dsym";
				ENABLE_NS_ASSERTIONS = NO;
				ENABLE_STRICT_OBJC_MSGSEND = YES;
				GCC_C_LANGUAGE_STANDARD = gnu11;
				GCC_NO_COMMON_BLOCKS = YES;
				GCC_WARN_64_TO_32_BIT_CONVERSION = YES;
				GCC_WARN_ABOUT_RETURN_TYPE = YES_ERROR;
				GCC_WARN_UNDECLARED_SELECTOR = YES;
				GCC_WARN_UNINITIALIZED_AUTOS = YES_AGGRESSIVE;
				GCC_WARN_UNUSED_FUNCTION = YES;
				GCC_WARN_UNUSED_VARIABLE = YES;
				IPHONEOS_DEPLOYMENT_TARGET = 12.4;
				MTL_ENABLE_DEBUG_INFO = NO;
				MTL_FAST_MATH = YES;
				SDKROOT = iphoneos;
				VALIDATE_PRODUCT = YES;
			};
			name = Release;
		};
		58A4708B2319017E00AD90E2 /* Debug */ = {
			isa = XCBuildConfiguration;
			buildSettings = {
				ASSETCATALOG_COMPILER_APPICON_NAME = AppIcon;
				CLANG_ENABLE_MODULES = YES;
				CODE_SIGN_STYLE = Automatic;
				DEVELOPMENT_TEAM = 78KJ4VW88C;
				INFOPLIST_FILE = 1_iOSVietBank/Info.plist;
				IPHONEOS_DEPLOYMENT_TARGET = 10.1;
				LD_RUNPATH_SEARCH_PATHS = (
					"$(inherited)",
					"@executable_path/Frameworks",
				);
				MACOSX_DEPLOYMENT_TARGET = 10.10;
				ONLY_ACTIVE_ARCH = YES;
				PRODUCT_BUNDLE_IDENTIFIER = iOSVietBank.igstudiovn.com;
				PRODUCT_NAME = "$(TARGET_NAME)";
				SWIFT_OBJC_BRIDGING_HEADER = "1_iOSVietBank/LoginPin/1_iOSVietBank-Bridging-Header.h";
				SWIFT_OPTIMIZATION_LEVEL = "-Onone";
				SWIFT_VERSION = 5.0;
				TARGETED_DEVICE_FAMILY = "1,2";
				TVOS_DEPLOYMENT_TARGET = 10.0;
				WATCHOS_DEPLOYMENT_TARGET = 4.0;
			};
			name = Debug;
		};
		58A4708C2319017E00AD90E2 /* Release */ = {
			isa = XCBuildConfiguration;
			buildSettings = {
				ASSETCATALOG_COMPILER_APPICON_NAME = AppIcon;
				CLANG_ENABLE_MODULES = YES;
				CODE_SIGN_STYLE = Automatic;
				DEVELOPMENT_TEAM = 78KJ4VW88C;
				INFOPLIST_FILE = 1_iOSVietBank/Info.plist;
				IPHONEOS_DEPLOYMENT_TARGET = 10.1;
				LD_RUNPATH_SEARCH_PATHS = (
					"$(inherited)",
					"@executable_path/Frameworks",
				);
				MACOSX_DEPLOYMENT_TARGET = 10.10;
				ONLY_ACTIVE_ARCH = YES;
				PRODUCT_BUNDLE_IDENTIFIER = iOSVietBank.igstudiovn.com;
				PRODUCT_NAME = "$(TARGET_NAME)";
				SWIFT_OBJC_BRIDGING_HEADER = "1_iOSVietBank/LoginPin/1_iOSVietBank-Bridging-Header.h";
				SWIFT_VERSION = 5.0;
				TARGETED_DEVICE_FAMILY = "1,2";
				TVOS_DEPLOYMENT_TARGET = 10.0;
				WATCHOS_DEPLOYMENT_TARGET = 4.0;
			};
			name = Release;
		};
		58A4708E2319017E00AD90E2 /* Debug */ = {
			isa = XCBuildConfiguration;
			buildSettings = {
				BUNDLE_LOADER = "$(TEST_HOST)";
				CODE_SIGN_STYLE = Automatic;
				DEVELOPMENT_TEAM = 78KJ4VW88C;
				INFOPLIST_FILE = 1_iOSVietBankTests/Info.plist;
				LD_RUNPATH_SEARCH_PATHS = (
					"$(inherited)",
					"@executable_path/Frameworks",
					"@loader_path/Frameworks",
				);
				PRODUCT_BUNDLE_IDENTIFIER = "igstudiovn.com.--iOSVietBankTests";
				PRODUCT_NAME = "$(TARGET_NAME)";
				TARGETED_DEVICE_FAMILY = "1,2";
				TEST_HOST = "$(BUILT_PRODUCTS_DIR)/1_iOSVietBank.app/1_iOSVietBank";
			};
			name = Debug;
		};
		58A4708F2319017E00AD90E2 /* Release */ = {
			isa = XCBuildConfiguration;
			buildSettings = {
				BUNDLE_LOADER = "$(TEST_HOST)";
				CODE_SIGN_STYLE = Automatic;
				DEVELOPMENT_TEAM = 78KJ4VW88C;
				INFOPLIST_FILE = 1_iOSVietBankTests/Info.plist;
				LD_RUNPATH_SEARCH_PATHS = (
					"$(inherited)",
					"@executable_path/Frameworks",
					"@loader_path/Frameworks",
				);
				PRODUCT_BUNDLE_IDENTIFIER = "igstudiovn.com.--iOSVietBankTests";
				PRODUCT_NAME = "$(TARGET_NAME)";
				TARGETED_DEVICE_FAMILY = "1,2";
				TEST_HOST = "$(BUILT_PRODUCTS_DIR)/1_iOSVietBank.app/1_iOSVietBank";
			};
			name = Release;
		};
		58A470912319017E00AD90E2 /* Debug */ = {
			isa = XCBuildConfiguration;
			buildSettings = {
				CODE_SIGN_STYLE = Automatic;
				DEVELOPMENT_TEAM = 78KJ4VW88C;
				INFOPLIST_FILE = 1_iOSVietBankUITests/Info.plist;
				LD_RUNPATH_SEARCH_PATHS = (
					"$(inherited)",
					"@executable_path/Frameworks",
					"@loader_path/Frameworks",
				);
				PRODUCT_BUNDLE_IDENTIFIER = "igstudiovn.com.--iOSVietBankUITests";
				PRODUCT_NAME = "$(TARGET_NAME)";
				TARGETED_DEVICE_FAMILY = "1,2";
				TEST_TARGET_NAME = 1_iOSVietBank;
			};
			name = Debug;
		};
		58A470922319017E00AD90E2 /* Release */ = {
			isa = XCBuildConfiguration;
			buildSettings = {
				CODE_SIGN_STYLE = Automatic;
				DEVELOPMENT_TEAM = 78KJ4VW88C;
				INFOPLIST_FILE = 1_iOSVietBankUITests/Info.plist;
				LD_RUNPATH_SEARCH_PATHS = (
					"$(inherited)",
					"@executable_path/Frameworks",
					"@loader_path/Frameworks",
				);
				PRODUCT_BUNDLE_IDENTIFIER = "igstudiovn.com.--iOSVietBankUITests";
				PRODUCT_NAME = "$(TARGET_NAME)";
				TARGETED_DEVICE_FAMILY = "1,2";
				TEST_TARGET_NAME = 1_iOSVietBank;
			};
			name = Release;
		};
/* End XCBuildConfiguration section */

/* Begin XCConfigurationList section */
		58A470562319017C00AD90E2 /* Build configuration list for PBXProject "1_iOSVietBank" */ = {
			isa = XCConfigurationList;
			buildConfigurations = (
				58A470882319017E00AD90E2 /* Debug */,
				58A470892319017E00AD90E2 /* Release */,
			);
			defaultConfigurationIsVisible = 0;
			defaultConfigurationName = Release;
		};
		58A4708A2319017E00AD90E2 /* Build configuration list for PBXNativeTarget "1_iOSVietBank" */ = {
			isa = XCConfigurationList;
			buildConfigurations = (
				58A4708B2319017E00AD90E2 /* Debug */,
				58A4708C2319017E00AD90E2 /* Release */,
			);
			defaultConfigurationIsVisible = 0;
			defaultConfigurationName = Release;
		};
		58A4708D2319017E00AD90E2 /* Build configuration list for PBXNativeTarget "1_iOSVietBankTests" */ = {
			isa = XCConfigurationList;
			buildConfigurations = (
				58A4708E2319017E00AD90E2 /* Debug */,
				58A4708F2319017E00AD90E2 /* Release */,
			);
			defaultConfigurationIsVisible = 0;
			defaultConfigurationName = Release;
		};
		58A470902319017E00AD90E2 /* Build configuration list for PBXNativeTarget "1_iOSVietBankUITests" */ = {
			isa = XCConfigurationList;
			buildConfigurations = (
				58A470912319017E00AD90E2 /* Debug */,
				58A470922319017E00AD90E2 /* Release */,
			);
			defaultConfigurationIsVisible = 0;
			defaultConfigurationName = Release;
		};
/* End XCConfigurationList section */

/* Begin XCVersionGroup section */
		58A470672319017C00AD90E2 /* __iOSVietBank.xcdatamodeld */ = {
			isa = XCVersionGroup;
			children = (
				58A470682319017C00AD90E2 /* __iOSVietBank.xcdatamodel */,
			);
			currentVersion = 58A470682319017C00AD90E2 /* __iOSVietBank.xcdatamodel */;
			path = __iOSVietBank.xcdatamodeld;
			sourceTree = "<group>";
			versionGroupType = wrapper.xcdatamodel;
		};
/* End XCVersionGroup section */
	};
	rootObject = 58A470532319017C00AD90E2 /* Project object */;
}
